// !$*UTF8*$!
{
	archiveVersion = 1;
	classes = {
	};
	objectVersion = 50;
	objects = {

/* Begin PBXBuildFile section */
		F603620725389F00006ECC71 /* main.cpp in Sources */ = {isa = PBXBuildFile; fileRef = F603620625389F00006ECC71 /* main.cpp */; };
		F60362172538A4A7006ECC71 /* main.cpp in Sources */ = {isa = PBXBuildFile; fileRef = F60362162538A4A7006ECC71 /* main.cpp */; };
		F618BFF1256BF89500840DEC /* main.cpp in Sources */ = {isa = PBXBuildFile; fileRef = F618BFF0256BF89500840DEC /* main.cpp */; };
		F62CAB94257909F0005FA003 /* main.cpp in Sources */ = {isa = PBXBuildFile; fileRef = F62CAB93257909F0005FA003 /* main.cpp */; };
		F642BB2F25524C3800153D40 /* main.cpp in Sources */ = {isa = PBXBuildFile; fileRef = F642BB2E25524C3800153D40 /* main.cpp */; };
		F642BB422552C1A700153D40 /* main.cpp in Sources */ = {isa = PBXBuildFile; fileRef = F642BB412552C1A700153D40 /* main.cpp */; };
		F642BB562553DA1B00153D40 /* main.cpp in Sources */ = {isa = PBXBuildFile; fileRef = F642BB552553DA1B00153D40 /* main.cpp */; };
		F64AC331255AE1950031548D /* main.cpp in Sources */ = {isa = PBXBuildFile; fileRef = F64AC330255AE1950031548D /* main.cpp */; };
		F64AC349255B71940031548D /* main.cpp in Sources */ = {isa = PBXBuildFile; fileRef = F64AC348255B71940031548D /* main.cpp */; };
		F678FE1D254AEA0C00FD275E /* main.cpp in Sources */ = {isa = PBXBuildFile; fileRef = F678FE1C254AEA0C00FD275E /* main.cpp */; };
		F679C95225613EDB00463EB0 /* main.cpp in Sources */ = {isa = PBXBuildFile; fileRef = F679C95125613EDB00463EB0 /* main.cpp */; };
		F679C97225620EE500463EB0 /* main.cpp in Sources */ = {isa = PBXBuildFile; fileRef = F679C97125620EE500463EB0 /* main.cpp */; };
		F679C99325621A4F00463EB0 /* main.cpp in Sources */ = {isa = PBXBuildFile; fileRef = F679C99225621A4F00463EB0 /* main.cpp */; };
		F69311F12497ABA900F132B6 /* main.cpp in Sources */ = {isa = PBXBuildFile; fileRef = F69311F02497ABA900F132B6 /* main.cpp */; };
		F698CCF025669F2700270E98 /* main.cpp in Sources */ = {isa = PBXBuildFile; fileRef = F698CCEF25669F2700270E98 /* main.cpp */; };
		F698CD142566A63C00270E98 /* main.cpp in Sources */ = {isa = PBXBuildFile; fileRef = F698CD132566A63C00270E98 /* main.cpp */; };
		F6A2B14C2535CA2E00A1E4B0 /* main.cpp in Sources */ = {isa = PBXBuildFile; fileRef = F6A2B14B2535CA2E00A1E4B0 /* main.cpp */; };
		F6A2B1592536F99A00A1E4B0 /* main.cpp in Sources */ = {isa = PBXBuildFile; fileRef = F6A2B1582536F99A00A1E4B0 /* main.cpp */; };
		F6A2B16725372D8B00A1E4B0 /* main.cpp in Sources */ = {isa = PBXBuildFile; fileRef = F6A2B16625372D8B00A1E4B0 /* main.cpp */; };
		F6A4C61D2563FAFA00AD0F91 /* main.cpp in Sources */ = {isa = PBXBuildFile; fileRef = F6A4C61C2563FAFA00AD0F91 /* main.cpp */; };
		F6AF519725582B690030B7BE /* main.cpp in Sources */ = {isa = PBXBuildFile; fileRef = F6AF519625582B690030B7BE /* main.cpp */; };
		F6AF51AD2559734B0030B7BE /* main.cpp in Sources */ = {isa = PBXBuildFile; fileRef = F6AF51AC2559734B0030B7BE /* main.cpp */; };
		F6F42D16255CC8A10087525F /* main.cpp in Sources */ = {isa = PBXBuildFile; fileRef = F6F42D15255CC8A10087525F /* main.cpp */; };
		F6F42D30255CCE320087525F /* main.cpp in Sources */ = {isa = PBXBuildFile; fileRef = F6F42D2F255CCE320087525F /* main.cpp */; };
		F6F42D4B255D478B0087525F /* main.cpp in Sources */ = {isa = PBXBuildFile; fileRef = F6F42D4A255D478B0087525F /* main.cpp */; };
		F6F42D67255D50830087525F /* main.cpp in Sources */ = {isa = PBXBuildFile; fileRef = F6F42D66255D50830087525F /* main.cpp */; };
		F6F42D84255D78680087525F /* main.cpp in Sources */ = {isa = PBXBuildFile; fileRef = F6F42D83255D78680087525F /* main.cpp */; };
		F6F42DA2255E34080087525F /* main.cpp in Sources */ = {isa = PBXBuildFile; fileRef = F6F42DA1255E34080087525F /* main.cpp */; };
/* End PBXBuildFile section */

/* Begin PBXCopyFilesBuildPhase section */
		F603620225389EFF006ECC71 /* CopyFiles */ = {
			isa = PBXCopyFilesBuildPhase;
			buildActionMask = 2147483647;
			dstPath = /usr/share/man/man1/;
			dstSubfolderSpec = 0;
			files = (
			);
			runOnlyForDeploymentPostprocessing = 1;
		};
		F60362122538A4A6006ECC71 /* CopyFiles */ = {
			isa = PBXCopyFilesBuildPhase;
			buildActionMask = 2147483647;
			dstPath = /usr/share/man/man1/;
			dstSubfolderSpec = 0;
			files = (
			);
			runOnlyForDeploymentPostprocessing = 1;
		};
		F618BFEC256BF89500840DEC /* CopyFiles */ = {
			isa = PBXCopyFilesBuildPhase;
			buildActionMask = 2147483647;
			dstPath = /usr/share/man/man1/;
			dstSubfolderSpec = 0;
			files = (
			);
			runOnlyForDeploymentPostprocessing = 1;
		};
		F62CAB8F257909F0005FA003 /* CopyFiles */ = {
			isa = PBXCopyFilesBuildPhase;
			buildActionMask = 2147483647;
			dstPath = /usr/share/man/man1/;
			dstSubfolderSpec = 0;
			files = (
			);
			runOnlyForDeploymentPostprocessing = 1;
		};
		F642BB2A25524C3800153D40 /* CopyFiles */ = {
			isa = PBXCopyFilesBuildPhase;
			buildActionMask = 2147483647;
			dstPath = /usr/share/man/man1/;
			dstSubfolderSpec = 0;
			files = (
			);
			runOnlyForDeploymentPostprocessing = 1;
		};
		F642BB3D2552C1A700153D40 /* CopyFiles */ = {
			isa = PBXCopyFilesBuildPhase;
			buildActionMask = 2147483647;
			dstPath = /usr/share/man/man1/;
			dstSubfolderSpec = 0;
			files = (
			);
			runOnlyForDeploymentPostprocessing = 1;
		};
		F642BB512553DA1B00153D40 /* CopyFiles */ = {
			isa = PBXCopyFilesBuildPhase;
			buildActionMask = 2147483647;
			dstPath = /usr/share/man/man1/;
			dstSubfolderSpec = 0;
			files = (
			);
			runOnlyForDeploymentPostprocessing = 1;
		};
		F64AC32C255AE1950031548D /* CopyFiles */ = {
			isa = PBXCopyFilesBuildPhase;
			buildActionMask = 2147483647;
			dstPath = /usr/share/man/man1/;
			dstSubfolderSpec = 0;
			files = (
			);
			runOnlyForDeploymentPostprocessing = 1;
		};
		F64AC344255B71940031548D /* CopyFiles */ = {
			isa = PBXCopyFilesBuildPhase;
			buildActionMask = 2147483647;
			dstPath = /usr/share/man/man1/;
			dstSubfolderSpec = 0;
			files = (
			);
			runOnlyForDeploymentPostprocessing = 1;
		};
		F678FE18254AEA0C00FD275E /* CopyFiles */ = {
			isa = PBXCopyFilesBuildPhase;
			buildActionMask = 2147483647;
			dstPath = /usr/share/man/man1/;
			dstSubfolderSpec = 0;
			files = (
			);
			runOnlyForDeploymentPostprocessing = 1;
		};
		F679C94D25613EDB00463EB0 /* CopyFiles */ = {
			isa = PBXCopyFilesBuildPhase;
			buildActionMask = 2147483647;
			dstPath = /usr/share/man/man1/;
			dstSubfolderSpec = 0;
			files = (
			);
			runOnlyForDeploymentPostprocessing = 1;
		};
		F679C96D25620EE500463EB0 /* CopyFiles */ = {
			isa = PBXCopyFilesBuildPhase;
			buildActionMask = 2147483647;
			dstPath = /usr/share/man/man1/;
			dstSubfolderSpec = 0;
			files = (
			);
			runOnlyForDeploymentPostprocessing = 1;
		};
		F679C98E25621A4F00463EB0 /* CopyFiles */ = {
			isa = PBXCopyFilesBuildPhase;
			buildActionMask = 2147483647;
			dstPath = /usr/share/man/man1/;
			dstSubfolderSpec = 0;
			files = (
			);
			runOnlyForDeploymentPostprocessing = 1;
		};
		F69311EB2497ABA900F132B6 /* CopyFiles */ = {
			isa = PBXCopyFilesBuildPhase;
			buildActionMask = 2147483647;
			dstPath = /usr/share/man/man1/;
			dstSubfolderSpec = 0;
			files = (
			);
			runOnlyForDeploymentPostprocessing = 1;
		};
		F698CCEB25669F2700270E98 /* CopyFiles */ = {
			isa = PBXCopyFilesBuildPhase;
			buildActionMask = 2147483647;
			dstPath = /usr/share/man/man1/;
			dstSubfolderSpec = 0;
			files = (
			);
			runOnlyForDeploymentPostprocessing = 1;
		};
		F698CD0F2566A63C00270E98 /* CopyFiles */ = {
			isa = PBXCopyFilesBuildPhase;
			buildActionMask = 2147483647;
			dstPath = /usr/share/man/man1/;
			dstSubfolderSpec = 0;
			files = (
			);
			runOnlyForDeploymentPostprocessing = 1;
		};
		F6A2B1472535CA2E00A1E4B0 /* CopyFiles */ = {
			isa = PBXCopyFilesBuildPhase;
			buildActionMask = 2147483647;
			dstPath = /usr/share/man/man1/;
			dstSubfolderSpec = 0;
			files = (
			);
			runOnlyForDeploymentPostprocessing = 1;
		};
		F6A2B1542536F99A00A1E4B0 /* CopyFiles */ = {
			isa = PBXCopyFilesBuildPhase;
			buildActionMask = 2147483647;
			dstPath = /usr/share/man/man1/;
			dstSubfolderSpec = 0;
			files = (
			);
			runOnlyForDeploymentPostprocessing = 1;
		};
		F6A2B16225372D8B00A1E4B0 /* CopyFiles */ = {
			isa = PBXCopyFilesBuildPhase;
			buildActionMask = 2147483647;
			dstPath = /usr/share/man/man1/;
			dstSubfolderSpec = 0;
			files = (
			);
			runOnlyForDeploymentPostprocessing = 1;
		};
		F6A4C6182563FAFA00AD0F91 /* CopyFiles */ = {
			isa = PBXCopyFilesBuildPhase;
			buildActionMask = 2147483647;
			dstPath = /usr/share/man/man1/;
			dstSubfolderSpec = 0;
			files = (
			);
			runOnlyForDeploymentPostprocessing = 1;
		};
		F6AF519225582B690030B7BE /* CopyFiles */ = {
			isa = PBXCopyFilesBuildPhase;
			buildActionMask = 2147483647;
			dstPath = /usr/share/man/man1/;
			dstSubfolderSpec = 0;
			files = (
			);
			runOnlyForDeploymentPostprocessing = 1;
		};
		F6AF51A82559734B0030B7BE /* CopyFiles */ = {
			isa = PBXCopyFilesBuildPhase;
			buildActionMask = 2147483647;
			dstPath = /usr/share/man/man1/;
			dstSubfolderSpec = 0;
			files = (
			);
			runOnlyForDeploymentPostprocessing = 1;
		};
		F6F42D11255CC8A10087525F /* CopyFiles */ = {
			isa = PBXCopyFilesBuildPhase;
			buildActionMask = 2147483647;
			dstPath = /usr/share/man/man1/;
			dstSubfolderSpec = 0;
			files = (
			);
			runOnlyForDeploymentPostprocessing = 1;
		};
		F6F42D2B255CCE320087525F /* CopyFiles */ = {
			isa = PBXCopyFilesBuildPhase;
			buildActionMask = 2147483647;
			dstPath = /usr/share/man/man1/;
			dstSubfolderSpec = 0;
			files = (
			);
			runOnlyForDeploymentPostprocessing = 1;
		};
		F6F42D46255D478B0087525F /* CopyFiles */ = {
			isa = PBXCopyFilesBuildPhase;
			buildActionMask = 2147483647;
			dstPath = /usr/share/man/man1/;
			dstSubfolderSpec = 0;
			files = (
			);
			runOnlyForDeploymentPostprocessing = 1;
		};
		F6F42D62255D50830087525F /* CopyFiles */ = {
			isa = PBXCopyFilesBuildPhase;
			buildActionMask = 2147483647;
			dstPath = /usr/share/man/man1/;
			dstSubfolderSpec = 0;
			files = (
			);
			runOnlyForDeploymentPostprocessing = 1;
		};
		F6F42D7F255D78680087525F /* CopyFiles */ = {
			isa = PBXCopyFilesBuildPhase;
			buildActionMask = 2147483647;
			dstPath = /usr/share/man/man1/;
			dstSubfolderSpec = 0;
			files = (
			);
			runOnlyForDeploymentPostprocessing = 1;
		};
		F6F42D9D255E34080087525F /* CopyFiles */ = {
			isa = PBXCopyFilesBuildPhase;
			buildActionMask = 2147483647;
			dstPath = /usr/share/man/man1/;
			dstSubfolderSpec = 0;
			files = (
			);
			runOnlyForDeploymentPostprocessing = 1;
		};
/* End PBXCopyFilesBuildPhase section */

/* Begin PBXFileReference section */
		F603620425389EFF006ECC71 /* 4. Median of Two Sorted Arrays */ = {isa = PBXFileReference; explicitFileType = "compiled.mach-o.executable"; includeInIndex = 0; path = "4. Median of Two Sorted Arrays"; sourceTree = BUILT_PRODUCTS_DIR; };
		F603620625389F00006ECC71 /* main.cpp */ = {isa = PBXFileReference; lastKnownFileType = sourcecode.cpp.cpp; path = main.cpp; sourceTree = "<group>"; };
		F60362142538A4A6006ECC71 /* 5. Longest Palindromic Substring */ = {isa = PBXFileReference; explicitFileType = "compiled.mach-o.executable"; includeInIndex = 0; path = "5. Longest Palindromic Substring"; sourceTree = BUILT_PRODUCTS_DIR; };
		F60362162538A4A7006ECC71 /* main.cpp */ = {isa = PBXFileReference; lastKnownFileType = sourcecode.cpp.cpp; path = main.cpp; sourceTree = "<group>"; };
		F618BFEE256BF89500840DEC /* 56. Merge Intervals */ = {isa = PBXFileReference; explicitFileType = "compiled.mach-o.executable"; includeInIndex = 0; path = "56. Merge Intervals"; sourceTree = BUILT_PRODUCTS_DIR; };
		F618BFF0256BF89500840DEC /* main.cpp */ = {isa = PBXFileReference; lastKnownFileType = sourcecode.cpp.cpp; path = main.cpp; sourceTree = "<group>"; };
		F62CAB91257909F0005FA003 /* 70. Climbing Stairs */ = {isa = PBXFileReference; explicitFileType = "compiled.mach-o.executable"; includeInIndex = 0; path = "70. Climbing Stairs"; sourceTree = BUILT_PRODUCTS_DIR; };
		F62CAB93257909F0005FA003 /* main.cpp */ = {isa = PBXFileReference; lastKnownFileType = sourcecode.cpp.cpp; path = main.cpp; sourceTree = "<group>"; };
		F642BB2C25524C3800153D40 /* 7. Reverse Integer */ = {isa = PBXFileReference; explicitFileType = "compiled.mach-o.executable"; includeInIndex = 0; path = "7. Reverse Integer"; sourceTree = BUILT_PRODUCTS_DIR; };
		F642BB2E25524C3800153D40 /* main.cpp */ = {isa = PBXFileReference; lastKnownFileType = sourcecode.cpp.cpp; path = main.cpp; sourceTree = "<group>"; };
		F642BB3F2552C1A700153D40 /* 9. Palindrome Number */ = {isa = PBXFileReference; explicitFileType = "compiled.mach-o.executable"; includeInIndex = 0; path = "9. Palindrome Number"; sourceTree = BUILT_PRODUCTS_DIR; };
		F642BB412552C1A700153D40 /* main.cpp */ = {isa = PBXFileReference; lastKnownFileType = sourcecode.cpp.cpp; path = main.cpp; sourceTree = "<group>"; };
		F642BB532553DA1B00153D40 /* 10. Regular Expression Matching */ = {isa = PBXFileReference; explicitFileType = "compiled.mach-o.executable"; includeInIndex = 0; path = "10. Regular Expression Matching"; sourceTree = BUILT_PRODUCTS_DIR; };
		F642BB552553DA1B00153D40 /* main.cpp */ = {isa = PBXFileReference; lastKnownFileType = sourcecode.cpp.cpp; path = main.cpp; sourceTree = "<group>"; };
		F64AC32E255AE1950031548D /* 17. Letter Combinations of a Phone Number */ = {isa = PBXFileReference; explicitFileType = "compiled.mach-o.executable"; includeInIndex = 0; path = "17. Letter Combinations of a Phone Number"; sourceTree = BUILT_PRODUCTS_DIR; };
		F64AC330255AE1950031548D /* main.cpp */ = {isa = PBXFileReference; lastKnownFileType = sourcecode.cpp.cpp; path = main.cpp; sourceTree = "<group>"; };
		F64AC346255B71940031548D /* 19. Remove Nth Node From End of List */ = {isa = PBXFileReference; explicitFileType = "compiled.mach-o.executable"; includeInIndex = 0; path = "19. Remove Nth Node From End of List"; sourceTree = BUILT_PRODUCTS_DIR; };
		F64AC348255B71940031548D /* main.cpp */ = {isa = PBXFileReference; lastKnownFileType = sourcecode.cpp.cpp; path = main.cpp; sourceTree = "<group>"; };
		F678FE1A254AEA0C00FD275E /* 6. ZigZag Conversion */ = {isa = PBXFileReference; explicitFileType = "compiled.mach-o.executable"; includeInIndex = 0; path = "6. ZigZag Conversion"; sourceTree = BUILT_PRODUCTS_DIR; };
		F678FE1C254AEA0C00FD275E /* main.cpp */ = {isa = PBXFileReference; lastKnownFileType = sourcecode.cpp.cpp; path = main.cpp; sourceTree = "<group>"; };
		F679C94F25613EDB00463EB0 /* 41. First Missing Positive */ = {isa = PBXFileReference; explicitFileType = "compiled.mach-o.executable"; includeInIndex = 0; path = "41. First Missing Positive"; sourceTree = BUILT_PRODUCTS_DIR; };
		F679C95125613EDB00463EB0 /* main.cpp */ = {isa = PBXFileReference; lastKnownFileType = sourcecode.cpp.cpp; path = main.cpp; sourceTree = "<group>"; };
		F679C96F25620EE500463EB0 /* 42. Trapping Rain Water */ = {isa = PBXFileReference; explicitFileType = "compiled.mach-o.executable"; includeInIndex = 0; path = "42. Trapping Rain Water"; sourceTree = BUILT_PRODUCTS_DIR; };
		F679C97125620EE500463EB0 /* main.cpp */ = {isa = PBXFileReference; lastKnownFileType = sourcecode.cpp.cpp; path = main.cpp; sourceTree = "<group>"; };
		F679C99025621A4F00463EB0 /* 46. Permutations */ = {isa = PBXFileReference; explicitFileType = "compiled.mach-o.executable"; includeInIndex = 0; path = "46. Permutations"; sourceTree = BUILT_PRODUCTS_DIR; };
		F679C99225621A4F00463EB0 /* main.cpp */ = {isa = PBXFileReference; lastKnownFileType = sourcecode.cpp.cpp; path = main.cpp; sourceTree = "<group>"; };
		F69311ED2497ABA900F132B6 /* LeetCode */ = {isa = PBXFileReference; explicitFileType = "compiled.mach-o.executable"; includeInIndex = 0; path = LeetCode; sourceTree = BUILT_PRODUCTS_DIR; };
		F69311F02497ABA900F132B6 /* main.cpp */ = {isa = PBXFileReference; lastKnownFileType = sourcecode.cpp.cpp; path = main.cpp; sourceTree = "<group>"; };
		F698CCED25669F2700270E98 /* 49. Group Anagrams */ = {isa = PBXFileReference; explicitFileType = "compiled.mach-o.executable"; includeInIndex = 0; path = "49. Group Anagrams"; sourceTree = BUILT_PRODUCTS_DIR; };
		F698CCEF25669F2700270E98 /* main.cpp */ = {isa = PBXFileReference; lastKnownFileType = sourcecode.cpp.cpp; path = main.cpp; sourceTree = "<group>"; };
		F698CD112566A63C00270E98 /* 55. Jump Game */ = {isa = PBXFileReference; explicitFileType = "compiled.mach-o.executable"; includeInIndex = 0; path = "55. Jump Game"; sourceTree = BUILT_PRODUCTS_DIR; };
		F698CD132566A63C00270E98 /* main.cpp */ = {isa = PBXFileReference; lastKnownFileType = sourcecode.cpp.cpp; path = main.cpp; sourceTree = "<group>"; };
		F6A2B1492535CA2E00A1E4B0 /* 1. Two Sum */ = {isa = PBXFileReference; explicitFileType = "compiled.mach-o.executable"; includeInIndex = 0; path = "1. Two Sum"; sourceTree = BUILT_PRODUCTS_DIR; };
		F6A2B14B2535CA2E00A1E4B0 /* main.cpp */ = {isa = PBXFileReference; lastKnownFileType = sourcecode.cpp.cpp; path = main.cpp; sourceTree = "<group>"; };
		F6A2B1562536F99A00A1E4B0 /* 2. Add Two Numbers */ = {isa = PBXFileReference; explicitFileType = "compiled.mach-o.executable"; includeInIndex = 0; path = "2. Add Two Numbers"; sourceTree = BUILT_PRODUCTS_DIR; };
		F6A2B1582536F99A00A1E4B0 /* main.cpp */ = {isa = PBXFileReference; lastKnownFileType = sourcecode.cpp.cpp; path = main.cpp; sourceTree = "<group>"; };
		F6A2B16425372D8B00A1E4B0 /* 3. Longest Substring Without Repeating Characters */ = {isa = PBXFileReference; explicitFileType = "compiled.mach-o.executable"; includeInIndex = 0; path = "3. Longest Substring Without Repeating Characters"; sourceTree = BUILT_PRODUCTS_DIR; };
		F6A2B16625372D8B00A1E4B0 /* main.cpp */ = {isa = PBXFileReference; lastKnownFileType = sourcecode.cpp.cpp; path = main.cpp; sourceTree = "<group>"; };
		F6A4C61A2563FAFA00AD0F91 /* 48. Rotate Image */ = {isa = PBXFileReference; explicitFileType = "compiled.mach-o.executable"; includeInIndex = 0; path = "48. Rotate Image"; sourceTree = BUILT_PRODUCTS_DIR; };
		F6A4C61C2563FAFA00AD0F91 /* main.cpp */ = {isa = PBXFileReference; lastKnownFileType = sourcecode.cpp.cpp; path = main.cpp; sourceTree = "<group>"; };
		F6AF519425582B690030B7BE /* 11. Container With Most Water */ = {isa = PBXFileReference; explicitFileType = "compiled.mach-o.executable"; includeInIndex = 0; path = "11. Container With Most Water"; sourceTree = BUILT_PRODUCTS_DIR; };
		F6AF519625582B690030B7BE /* main.cpp */ = {isa = PBXFileReference; lastKnownFileType = sourcecode.cpp.cpp; path = main.cpp; sourceTree = "<group>"; };
		F6AF51AA2559734B0030B7BE /* 15. 3Sum */ = {isa = PBXFileReference; explicitFileType = "compiled.mach-o.executable"; includeInIndex = 0; path = "15. 3Sum"; sourceTree = BUILT_PRODUCTS_DIR; };
		F6AF51AC2559734B0030B7BE /* main.cpp */ = {isa = PBXFileReference; lastKnownFileType = sourcecode.cpp.cpp; path = main.cpp; sourceTree = "<group>"; };
		F6F42D13255CC8A10087525F /* 20. Valid Parentheses */ = {isa = PBXFileReference; explicitFileType = "compiled.mach-o.executable"; includeInIndex = 0; path = "20. Valid Parentheses"; sourceTree = BUILT_PRODUCTS_DIR; };
		F6F42D15255CC8A10087525F /* main.cpp */ = {isa = PBXFileReference; lastKnownFileType = sourcecode.cpp.cpp; path = main.cpp; sourceTree = "<group>"; };
		F6F42D2D255CCE320087525F /* 21. Merge Two Sorted Lists */ = {isa = PBXFileReference; explicitFileType = "compiled.mach-o.executable"; includeInIndex = 0; path = "21. Merge Two Sorted Lists"; sourceTree = BUILT_PRODUCTS_DIR; };
		F6F42D2F255CCE320087525F /* main.cpp */ = {isa = PBXFileReference; lastKnownFileType = sourcecode.cpp.cpp; path = main.cpp; sourceTree = "<group>"; };
		F6F42D48255D478B0087525F /* 22. Generate Parentheses */ = {isa = PBXFileReference; explicitFileType = "compiled.mach-o.executable"; includeInIndex = 0; path = "22. Generate Parentheses"; sourceTree = BUILT_PRODUCTS_DIR; };
		F6F42D4A255D478B0087525F /* main.cpp */ = {isa = PBXFileReference; lastKnownFileType = sourcecode.cpp.cpp; path = main.cpp; sourceTree = "<group>"; };
		F6F42D64255D50830087525F /* 23. Merge k Sorted Lists */ = {isa = PBXFileReference; explicitFileType = "compiled.mach-o.executable"; includeInIndex = 0; path = "23. Merge k Sorted Lists"; sourceTree = BUILT_PRODUCTS_DIR; };
		F6F42D66255D50830087525F /* main.cpp */ = {isa = PBXFileReference; lastKnownFileType = sourcecode.cpp.cpp; path = main.cpp; sourceTree = "<group>"; };
		F6F42D81255D78680087525F /* 32. Longest Valid Parentheses */ = {isa = PBXFileReference; explicitFileType = "compiled.mach-o.executable"; includeInIndex = 0; path = "32. Longest Valid Parentheses"; sourceTree = BUILT_PRODUCTS_DIR; };
		F6F42D83255D78680087525F /* main.cpp */ = {isa = PBXFileReference; lastKnownFileType = sourcecode.cpp.cpp; path = main.cpp; sourceTree = "<group>"; };
		F6F42D9F255E34080087525F /* 33. Search in Rotated Sorted Array */ = {isa = PBXFileReference; explicitFileType = "compiled.mach-o.executable"; includeInIndex = 0; path = "33. Search in Rotated Sorted Array"; sourceTree = BUILT_PRODUCTS_DIR; };
		F6F42DA1255E34080087525F /* main.cpp */ = {isa = PBXFileReference; lastKnownFileType = sourcecode.cpp.cpp; path = main.cpp; sourceTree = "<group>"; };
/* End PBXFileReference section */

/* Begin PBXFrameworksBuildPhase section */
		F603620125389EFF006ECC71 /* Frameworks */ = {
			isa = PBXFrameworksBuildPhase;
			buildActionMask = 2147483647;
			files = (
			);
			runOnlyForDeploymentPostprocessing = 0;
		};
		F60362112538A4A6006ECC71 /* Frameworks */ = {
			isa = PBXFrameworksBuildPhase;
			buildActionMask = 2147483647;
			files = (
			);
			runOnlyForDeploymentPostprocessing = 0;
		};
		F618BFEB256BF89500840DEC /* Frameworks */ = {
			isa = PBXFrameworksBuildPhase;
			buildActionMask = 2147483647;
			files = (
			);
			runOnlyForDeploymentPostprocessing = 0;
		};
		F62CAB8E257909F0005FA003 /* Frameworks */ = {
			isa = PBXFrameworksBuildPhase;
			buildActionMask = 2147483647;
			files = (
			);
			runOnlyForDeploymentPostprocessing = 0;
		};
		F642BB2925524C3800153D40 /* Frameworks */ = {
			isa = PBXFrameworksBuildPhase;
			buildActionMask = 2147483647;
			files = (
			);
			runOnlyForDeploymentPostprocessing = 0;
		};
		F642BB3C2552C1A700153D40 /* Frameworks */ = {
			isa = PBXFrameworksBuildPhase;
			buildActionMask = 2147483647;
			files = (
			);
			runOnlyForDeploymentPostprocessing = 0;
		};
		F642BB502553DA1B00153D40 /* Frameworks */ = {
			isa = PBXFrameworksBuildPhase;
			buildActionMask = 2147483647;
			files = (
			);
			runOnlyForDeploymentPostprocessing = 0;
		};
		F64AC32B255AE1950031548D /* Frameworks */ = {
			isa = PBXFrameworksBuildPhase;
			buildActionMask = 2147483647;
			files = (
			);
			runOnlyForDeploymentPostprocessing = 0;
		};
		F64AC343255B71940031548D /* Frameworks */ = {
			isa = PBXFrameworksBuildPhase;
			buildActionMask = 2147483647;
			files = (
			);
			runOnlyForDeploymentPostprocessing = 0;
		};
		F678FE17254AEA0C00FD275E /* Frameworks */ = {
			isa = PBXFrameworksBuildPhase;
			buildActionMask = 2147483647;
			files = (
			);
			runOnlyForDeploymentPostprocessing = 0;
		};
		F679C94C25613EDB00463EB0 /* Frameworks */ = {
			isa = PBXFrameworksBuildPhase;
			buildActionMask = 2147483647;
			files = (
			);
			runOnlyForDeploymentPostprocessing = 0;
		};
		F679C96C25620EE500463EB0 /* Frameworks */ = {
			isa = PBXFrameworksBuildPhase;
			buildActionMask = 2147483647;
			files = (
			);
			runOnlyForDeploymentPostprocessing = 0;
		};
		F679C98D25621A4F00463EB0 /* Frameworks */ = {
			isa = PBXFrameworksBuildPhase;
			buildActionMask = 2147483647;
			files = (
			);
			runOnlyForDeploymentPostprocessing = 0;
		};
		F69311EA2497ABA900F132B6 /* Frameworks */ = {
			isa = PBXFrameworksBuildPhase;
			buildActionMask = 2147483647;
			files = (
			);
			runOnlyForDeploymentPostprocessing = 0;
		};
		F698CCEA25669F2700270E98 /* Frameworks */ = {
			isa = PBXFrameworksBuildPhase;
			buildActionMask = 2147483647;
			files = (
			);
			runOnlyForDeploymentPostprocessing = 0;
		};
		F698CD0E2566A63C00270E98 /* Frameworks */ = {
			isa = PBXFrameworksBuildPhase;
			buildActionMask = 2147483647;
			files = (
			);
			runOnlyForDeploymentPostprocessing = 0;
		};
		F6A2B1462535CA2E00A1E4B0 /* Frameworks */ = {
			isa = PBXFrameworksBuildPhase;
			buildActionMask = 2147483647;
			files = (
			);
			runOnlyForDeploymentPostprocessing = 0;
		};
		F6A2B1532536F99A00A1E4B0 /* Frameworks */ = {
			isa = PBXFrameworksBuildPhase;
			buildActionMask = 2147483647;
			files = (
			);
			runOnlyForDeploymentPostprocessing = 0;
		};
		F6A2B16125372D8B00A1E4B0 /* Frameworks */ = {
			isa = PBXFrameworksBuildPhase;
			buildActionMask = 2147483647;
			files = (
			);
			runOnlyForDeploymentPostprocessing = 0;
		};
		F6A4C6172563FAFA00AD0F91 /* Frameworks */ = {
			isa = PBXFrameworksBuildPhase;
			buildActionMask = 2147483647;
			files = (
			);
			runOnlyForDeploymentPostprocessing = 0;
		};
		F6AF519125582B690030B7BE /* Frameworks */ = {
			isa = PBXFrameworksBuildPhase;
			buildActionMask = 2147483647;
			files = (
			);
			runOnlyForDeploymentPostprocessing = 0;
		};
		F6AF51A72559734B0030B7BE /* Frameworks */ = {
			isa = PBXFrameworksBuildPhase;
			buildActionMask = 2147483647;
			files = (
			);
			runOnlyForDeploymentPostprocessing = 0;
		};
		F6F42D10255CC8A10087525F /* Frameworks */ = {
			isa = PBXFrameworksBuildPhase;
			buildActionMask = 2147483647;
			files = (
			);
			runOnlyForDeploymentPostprocessing = 0;
		};
		F6F42D2A255CCE320087525F /* Frameworks */ = {
			isa = PBXFrameworksBuildPhase;
			buildActionMask = 2147483647;
			files = (
			);
			runOnlyForDeploymentPostprocessing = 0;
		};
		F6F42D45255D478B0087525F /* Frameworks */ = {
			isa = PBXFrameworksBuildPhase;
			buildActionMask = 2147483647;
			files = (
			);
			runOnlyForDeploymentPostprocessing = 0;
		};
		F6F42D61255D50830087525F /* Frameworks */ = {
			isa = PBXFrameworksBuildPhase;
			buildActionMask = 2147483647;
			files = (
			);
			runOnlyForDeploymentPostprocessing = 0;
		};
		F6F42D7E255D78680087525F /* Frameworks */ = {
			isa = PBXFrameworksBuildPhase;
			buildActionMask = 2147483647;
			files = (
			);
			runOnlyForDeploymentPostprocessing = 0;
		};
		F6F42D9C255E34080087525F /* Frameworks */ = {
			isa = PBXFrameworksBuildPhase;
			buildActionMask = 2147483647;
			files = (
			);
			runOnlyForDeploymentPostprocessing = 0;
		};
/* End PBXFrameworksBuildPhase section */

/* Begin PBXGroup section */
		F603620525389EFF006ECC71 /* 4. Median of Two Sorted Arrays */ = {
			isa = PBXGroup;
			children = (
				F603620625389F00006ECC71 /* main.cpp */,
			);
			path = "4. Median of Two Sorted Arrays";
			sourceTree = "<group>";
		};
		F60362152538A4A7006ECC71 /* 5. Longest Palindromic Substring */ = {
			isa = PBXGroup;
			children = (
				F60362162538A4A7006ECC71 /* main.cpp */,
			);
			path = "5. Longest Palindromic Substring";
			sourceTree = "<group>";
		};
		F618BFEF256BF89500840DEC /* 56. Merge Intervals */ = {
			isa = PBXGroup;
			children = (
				F618BFF0256BF89500840DEC /* main.cpp */,
			);
			path = "56. Merge Intervals";
			sourceTree = "<group>";
		};
		F62CAB92257909F0005FA003 /* 70. Climbing Stairs */ = {
			isa = PBXGroup;
			children = (
				F62CAB93257909F0005FA003 /* main.cpp */,
			);
			path = "70. Climbing Stairs";
			sourceTree = "<group>";
		};
		F642BB2D25524C3800153D40 /* 7. Reverse Integer */ = {
			isa = PBXGroup;
			children = (
				F642BB2E25524C3800153D40 /* main.cpp */,
			);
			path = "7. Reverse Integer";
			sourceTree = "<group>";
		};
		F642BB402552C1A700153D40 /* 9. Palindrome Number */ = {
			isa = PBXGroup;
			children = (
				F642BB412552C1A700153D40 /* main.cpp */,
			);
			path = "9. Palindrome Number";
			sourceTree = "<group>";
		};
		F642BB542553DA1B00153D40 /* 10. Regular Expression Matching */ = {
			isa = PBXGroup;
			children = (
				F642BB552553DA1B00153D40 /* main.cpp */,
			);
			path = "10. Regular Expression Matching";
			sourceTree = "<group>";
		};
		F64AC32F255AE1950031548D /* 17. Letter Combinations of a Phone Number */ = {
			isa = PBXGroup;
			children = (
				F64AC330255AE1950031548D /* main.cpp */,
			);
			path = "17. Letter Combinations of a Phone Number";
			sourceTree = "<group>";
		};
		F64AC347255B71940031548D /* 19. Remove Nth Node From End of List */ = {
			isa = PBXGroup;
			children = (
				F64AC348255B71940031548D /* main.cpp */,
			);
			path = "19. Remove Nth Node From End of List";
			sourceTree = "<group>";
		};
		F678FE1B254AEA0C00FD275E /* 6. ZigZag Conversion */ = {
			isa = PBXGroup;
			children = (
				F678FE1C254AEA0C00FD275E /* main.cpp */,
			);
			path = "6. ZigZag Conversion";
			sourceTree = "<group>";
		};
		F679C95025613EDB00463EB0 /* 41. First Missing Positive */ = {
			isa = PBXGroup;
			children = (
				F679C95125613EDB00463EB0 /* main.cpp */,
			);
			path = "41. First Missing Positive";
			sourceTree = "<group>";
		};
		F679C97025620EE500463EB0 /* 42. Trapping Rain Water */ = {
			isa = PBXGroup;
			children = (
				F679C97125620EE500463EB0 /* main.cpp */,
			);
			path = "42. Trapping Rain Water";
			sourceTree = "<group>";
		};
		F679C99125621A4F00463EB0 /* 46. Permutations */ = {
			isa = PBXGroup;
			children = (
				F679C99225621A4F00463EB0 /* main.cpp */,
			);
			path = "46. Permutations";
			sourceTree = "<group>";
		};
		F69311E42497ABA900F132B6 = {
			isa = PBXGroup;
			children = (
				F69311EF2497ABA900F132B6 /* LeetCode */,
				F6A2B14A2535CA2E00A1E4B0 /* 1. Two Sum */,
				F6A2B1572536F99A00A1E4B0 /* 2. Add Two Numbers */,
				F6A2B16525372D8B00A1E4B0 /* 3. Longest Substring Without Repeating Characters */,
				F603620525389EFF006ECC71 /* 4. Median of Two Sorted Arrays */,
				F60362152538A4A7006ECC71 /* 5. Longest Palindromic Substring */,
				F678FE1B254AEA0C00FD275E /* 6. ZigZag Conversion */,
				F642BB2D25524C3800153D40 /* 7. Reverse Integer */,
				F642BB402552C1A700153D40 /* 9. Palindrome Number */,
				F642BB542553DA1B00153D40 /* 10. Regular Expression Matching */,
				F6AF519525582B690030B7BE /* 11. Container With Most Water */,
				F6AF51AB2559734B0030B7BE /* 15. 3Sum */,
				F64AC32F255AE1950031548D /* 17. Letter Combinations of a Phone Number */,
				F64AC347255B71940031548D /* 19. Remove Nth Node From End of List */,
				F6F42D14255CC8A10087525F /* 20. Valid Parentheses */,
				F6F42D2E255CCE320087525F /* 21. Merge Two Sorted Lists */,
				F6F42D49255D478B0087525F /* 22. Generate Parentheses */,
				F6F42D65255D50830087525F /* 23. Merge k Sorted Lists */,
				F6F42D82255D78680087525F /* 32. Longest Valid Parentheses */,
				F6F42DA0255E34080087525F /* 33. Search in Rotated Sorted Array */,
				F679C95025613EDB00463EB0 /* 41. First Missing Positive */,
				F679C97025620EE500463EB0 /* 42. Trapping Rain Water */,
				F679C99125621A4F00463EB0 /* 46. Permutations */,
				F6A4C61B2563FAFA00AD0F91 /* 48. Rotate Image */,
				F698CCEE25669F2700270E98 /* 49. Group Anagrams */,
				F698CD122566A63C00270E98 /* 55. Jump Game */,
				F618BFEF256BF89500840DEC /* 56. Merge Intervals */,
				F62CAB92257909F0005FA003 /* 70. Climbing Stairs */,
				F69311EE2497ABA900F132B6 /* Products */,
			);
			sourceTree = "<group>";
		};
		F69311EE2497ABA900F132B6 /* Products */ = {
			isa = PBXGroup;
			children = (
				F69311ED2497ABA900F132B6 /* LeetCode */,
				F6A2B1492535CA2E00A1E4B0 /* 1. Two Sum */,
				F6A2B1562536F99A00A1E4B0 /* 2. Add Two Numbers */,
				F6A2B16425372D8B00A1E4B0 /* 3. Longest Substring Without Repeating Characters */,
				F603620425389EFF006ECC71 /* 4. Median of Two Sorted Arrays */,
				F60362142538A4A6006ECC71 /* 5. Longest Palindromic Substring */,
				F678FE1A254AEA0C00FD275E /* 6. ZigZag Conversion */,
				F642BB2C25524C3800153D40 /* 7. Reverse Integer */,
				F642BB3F2552C1A700153D40 /* 9. Palindrome Number */,
				F642BB532553DA1B00153D40 /* 10. Regular Expression Matching */,
				F6AF519425582B690030B7BE /* 11. Container With Most Water */,
				F6AF51AA2559734B0030B7BE /* 15. 3Sum */,
				F64AC32E255AE1950031548D /* 17. Letter Combinations of a Phone Number */,
				F64AC346255B71940031548D /* 19. Remove Nth Node From End of List */,
				F6F42D13255CC8A10087525F /* 20. Valid Parentheses */,
				F6F42D2D255CCE320087525F /* 21. Merge Two Sorted Lists */,
				F6F42D48255D478B0087525F /* 22. Generate Parentheses */,
				F6F42D64255D50830087525F /* 23. Merge k Sorted Lists */,
				F6F42D81255D78680087525F /* 32. Longest Valid Parentheses */,
				F6F42D9F255E34080087525F /* 33. Search in Rotated Sorted Array */,
				F679C94F25613EDB00463EB0 /* 41. First Missing Positive */,
				F679C96F25620EE500463EB0 /* 42. Trapping Rain Water */,
				F679C99025621A4F00463EB0 /* 46. Permutations */,
				F6A4C61A2563FAFA00AD0F91 /* 48. Rotate Image */,
				F698CCED25669F2700270E98 /* 49. Group Anagrams */,
				F698CD112566A63C00270E98 /* 55. Jump Game */,
				F618BFEE256BF89500840DEC /* 56. Merge Intervals */,
				F62CAB91257909F0005FA003 /* 70. Climbing Stairs */,
			);
			name = Products;
			sourceTree = "<group>";
		};
		F69311EF2497ABA900F132B6 /* LeetCode */ = {
			isa = PBXGroup;
			children = (
				F69311F02497ABA900F132B6 /* main.cpp */,
			);
			path = LeetCode;
			sourceTree = "<group>";
		};
		F698CCEE25669F2700270E98 /* 49. Group Anagrams */ = {
			isa = PBXGroup;
			children = (
				F698CCEF25669F2700270E98 /* main.cpp */,
			);
			path = "49. Group Anagrams";
			sourceTree = "<group>";
		};
		F698CD122566A63C00270E98 /* 55. Jump Game */ = {
			isa = PBXGroup;
			children = (
				F698CD132566A63C00270E98 /* main.cpp */,
			);
			path = "55. Jump Game";
			sourceTree = "<group>";
		};
		F6A2B14A2535CA2E00A1E4B0 /* 1. Two Sum */ = {
			isa = PBXGroup;
			children = (
				F6A2B14B2535CA2E00A1E4B0 /* main.cpp */,
			);
			path = "1. Two Sum";
			sourceTree = "<group>";
		};
		F6A2B1572536F99A00A1E4B0 /* 2. Add Two Numbers */ = {
			isa = PBXGroup;
			children = (
				F6A2B1582536F99A00A1E4B0 /* main.cpp */,
			);
			path = "2. Add Two Numbers";
			sourceTree = "<group>";
		};
		F6A2B16525372D8B00A1E4B0 /* 3. Longest Substring Without Repeating Characters */ = {
			isa = PBXGroup;
			children = (
				F6A2B16625372D8B00A1E4B0 /* main.cpp */,
			);
			path = "3. Longest Substring Without Repeating Characters";
			sourceTree = "<group>";
		};
		F6A4C61B2563FAFA00AD0F91 /* 48. Rotate Image */ = {
			isa = PBXGroup;
			children = (
				F6A4C61C2563FAFA00AD0F91 /* main.cpp */,
			);
			path = "48. Rotate Image";
			sourceTree = "<group>";
		};
		F6AF519525582B690030B7BE /* 11. Container With Most Water */ = {
			isa = PBXGroup;
			children = (
				F6AF519625582B690030B7BE /* main.cpp */,
			);
			path = "11. Container With Most Water";
			sourceTree = "<group>";
		};
		F6AF51AB2559734B0030B7BE /* 15. 3Sum */ = {
			isa = PBXGroup;
			children = (
				F6AF51AC2559734B0030B7BE /* main.cpp */,
			);
			path = "15. 3Sum";
			sourceTree = "<group>";
		};
		F6F42D14255CC8A10087525F /* 20. Valid Parentheses */ = {
			isa = PBXGroup;
			children = (
				F6F42D15255CC8A10087525F /* main.cpp */,
			);
			path = "20. Valid Parentheses";
			sourceTree = "<group>";
		};
		F6F42D2E255CCE320087525F /* 21. Merge Two Sorted Lists */ = {
			isa = PBXGroup;
			children = (
				F6F42D2F255CCE320087525F /* main.cpp */,
			);
			path = "21. Merge Two Sorted Lists";
			sourceTree = "<group>";
		};
		F6F42D49255D478B0087525F /* 22. Generate Parentheses */ = {
			isa = PBXGroup;
			children = (
				F6F42D4A255D478B0087525F /* main.cpp */,
			);
			path = "22. Generate Parentheses";
			sourceTree = "<group>";
		};
		F6F42D65255D50830087525F /* 23. Merge k Sorted Lists */ = {
			isa = PBXGroup;
			children = (
				F6F42D66255D50830087525F /* main.cpp */,
			);
			path = "23. Merge k Sorted Lists";
			sourceTree = "<group>";
		};
		F6F42D82255D78680087525F /* 32. Longest Valid Parentheses */ = {
			isa = PBXGroup;
			children = (
				F6F42D83255D78680087525F /* main.cpp */,
			);
			path = "32. Longest Valid Parentheses";
			sourceTree = "<group>";
		};
		F6F42DA0255E34080087525F /* 33. Search in Rotated Sorted Array */ = {
			isa = PBXGroup;
			children = (
				F6F42DA1255E34080087525F /* main.cpp */,
			);
			path = "33. Search in Rotated Sorted Array";
			sourceTree = "<group>";
		};
/* End PBXGroup section */

/* Begin PBXNativeTarget section */
		F603620325389EFF006ECC71 /* 4. Median of Two Sorted Arrays */ = {
			isa = PBXNativeTarget;
			buildConfigurationList = F603620A25389F00006ECC71 /* Build configuration list for PBXNativeTarget "4. Median of Two Sorted Arrays" */;
			buildPhases = (
				F603620025389EFF006ECC71 /* Sources */,
				F603620125389EFF006ECC71 /* Frameworks */,
				F603620225389EFF006ECC71 /* CopyFiles */,
			);
			buildRules = (
			);
			dependencies = (
			);
			name = "4. Median of Two Sorted Arrays";
			productName = "4. Median of Two Sorted Arrays";
			productReference = F603620425389EFF006ECC71 /* 4. Median of Two Sorted Arrays */;
			productType = "com.apple.product-type.tool";
		};
		F60362132538A4A6006ECC71 /* 5. Longest Palindromic Substring */ = {
			isa = PBXNativeTarget;
			buildConfigurationList = F60362182538A4A7006ECC71 /* Build configuration list for PBXNativeTarget "5. Longest Palindromic Substring" */;
			buildPhases = (
				F60362102538A4A6006ECC71 /* Sources */,
				F60362112538A4A6006ECC71 /* Frameworks */,
				F60362122538A4A6006ECC71 /* CopyFiles */,
			);
			buildRules = (
			);
			dependencies = (
			);
			name = "5. Longest Palindromic Substring";
			productName = "5. Longest Palindromic Substring";
			productReference = F60362142538A4A6006ECC71 /* 5. Longest Palindromic Substring */;
			productType = "com.apple.product-type.tool";
		};
		F618BFED256BF89500840DEC /* 56. Merge Intervals */ = {
			isa = PBXNativeTarget;
			buildConfigurationList = F618BFF4256BF89500840DEC /* Build configuration list for PBXNativeTarget "56. Merge Intervals" */;
			buildPhases = (
				F618BFEA256BF89500840DEC /* Sources */,
				F618BFEB256BF89500840DEC /* Frameworks */,
				F618BFEC256BF89500840DEC /* CopyFiles */,
			);
			buildRules = (
			);
			dependencies = (
			);
			name = "56. Merge Intervals";
			productName = "56. Merge Intervals";
			productReference = F618BFEE256BF89500840DEC /* 56. Merge Intervals */;
			productType = "com.apple.product-type.tool";
		};
		F62CAB90257909F0005FA003 /* 70. Climbing Stairs */ = {
			isa = PBXNativeTarget;
			buildConfigurationList = F62CAB97257909F0005FA003 /* Build configuration list for PBXNativeTarget "70. Climbing Stairs" */;
			buildPhases = (
				F62CAB8D257909F0005FA003 /* Sources */,
				F62CAB8E257909F0005FA003 /* Frameworks */,
				F62CAB8F257909F0005FA003 /* CopyFiles */,
			);
			buildRules = (
			);
			dependencies = (
			);
			name = "70. Climbing Stairs";
			productName = "70. Climbing Stairs";
			productReference = F62CAB91257909F0005FA003 /* 70. Climbing Stairs */;
			productType = "com.apple.product-type.tool";
		};
		F642BB2B25524C3800153D40 /* 7. Reverse Integer */ = {
			isa = PBXNativeTarget;
			buildConfigurationList = F642BB3225524C3800153D40 /* Build configuration list for PBXNativeTarget "7. Reverse Integer" */;
			buildPhases = (
				F642BB2825524C3800153D40 /* Sources */,
				F642BB2925524C3800153D40 /* Frameworks */,
				F642BB2A25524C3800153D40 /* CopyFiles */,
			);
			buildRules = (
			);
			dependencies = (
			);
			name = "7. Reverse Integer";
			productName = "7. Reverse Integer";
			productReference = F642BB2C25524C3800153D40 /* 7. Reverse Integer */;
			productType = "com.apple.product-type.tool";
		};
		F642BB3E2552C1A700153D40 /* 9. Palindrome Number */ = {
			isa = PBXNativeTarget;
			buildConfigurationList = F642BB432552C1A700153D40 /* Build configuration list for PBXNativeTarget "9. Palindrome Number" */;
			buildPhases = (
				F642BB3B2552C1A700153D40 /* Sources */,
				F642BB3C2552C1A700153D40 /* Frameworks */,
				F642BB3D2552C1A700153D40 /* CopyFiles */,
			);
			buildRules = (
			);
			dependencies = (
			);
			name = "9. Palindrome Number";
			productName = "9. Palindrome Number";
			productReference = F642BB3F2552C1A700153D40 /* 9. Palindrome Number */;
			productType = "com.apple.product-type.tool";
		};
		F642BB522553DA1B00153D40 /* 10. Regular Expression Matching */ = {
			isa = PBXNativeTarget;
			buildConfigurationList = F642BB572553DA1B00153D40 /* Build configuration list for PBXNativeTarget "10. Regular Expression Matching" */;
			buildPhases = (
				F642BB4F2553DA1B00153D40 /* Sources */,
				F642BB502553DA1B00153D40 /* Frameworks */,
				F642BB512553DA1B00153D40 /* CopyFiles */,
			);
			buildRules = (
			);
			dependencies = (
			);
			name = "10. Regular Expression Matching";
			productName = "10. Regular Expression Matching";
			productReference = F642BB532553DA1B00153D40 /* 10. Regular Expression Matching */;
			productType = "com.apple.product-type.tool";
		};
		F64AC32D255AE1950031548D /* 17. Letter Combinations of a Phone Number */ = {
			isa = PBXNativeTarget;
			buildConfigurationList = F64AC334255AE1950031548D /* Build configuration list for PBXNativeTarget "17. Letter Combinations of a Phone Number" */;
			buildPhases = (
				F64AC32A255AE1950031548D /* Sources */,
				F64AC32B255AE1950031548D /* Frameworks */,
				F64AC32C255AE1950031548D /* CopyFiles */,
			);
			buildRules = (
			);
			dependencies = (
			);
			name = "17. Letter Combinations of a Phone Number";
			productName = "17. Letter Combinations of a Phone Number";
			productReference = F64AC32E255AE1950031548D /* 17. Letter Combinations of a Phone Number */;
			productType = "com.apple.product-type.tool";
		};
		F64AC345255B71940031548D /* 19. Remove Nth Node From End of List */ = {
			isa = PBXNativeTarget;
			buildConfigurationList = F64AC34A255B71940031548D /* Build configuration list for PBXNativeTarget "19. Remove Nth Node From End of List" */;
			buildPhases = (
				F64AC342255B71940031548D /* Sources */,
				F64AC343255B71940031548D /* Frameworks */,
				F64AC344255B71940031548D /* CopyFiles */,
			);
			buildRules = (
			);
			dependencies = (
			);
			name = "19. Remove Nth Node From End of List";
			productName = "19. Remove Nth Node From End of List";
			productReference = F64AC346255B71940031548D /* 19. Remove Nth Node From End of List */;
			productType = "com.apple.product-type.tool";
		};
		F678FE19254AEA0C00FD275E /* 6. ZigZag Conversion */ = {
			isa = PBXNativeTarget;
			buildConfigurationList = F678FE20254AEA0C00FD275E /* Build configuration list for PBXNativeTarget "6. ZigZag Conversion" */;
			buildPhases = (
				F678FE16254AEA0C00FD275E /* Sources */,
				F678FE17254AEA0C00FD275E /* Frameworks */,
				F678FE18254AEA0C00FD275E /* CopyFiles */,
			);
			buildRules = (
			);
			dependencies = (
			);
			name = "6. ZigZag Conversion";
			productName = "6. ZigZag Conversion";
			productReference = F678FE1A254AEA0C00FD275E /* 6. ZigZag Conversion */;
			productType = "com.apple.product-type.tool";
		};
		F679C94E25613EDB00463EB0 /* 41. First Missing Positive */ = {
			isa = PBXNativeTarget;
			buildConfigurationList = F679C95525613EDB00463EB0 /* Build configuration list for PBXNativeTarget "41. First Missing Positive" */;
			buildPhases = (
				F679C94B25613EDB00463EB0 /* Sources */,
				F679C94C25613EDB00463EB0 /* Frameworks */,
				F679C94D25613EDB00463EB0 /* CopyFiles */,
			);
			buildRules = (
			);
			dependencies = (
			);
			name = "41. First Missing Positive";
			productName = "41. First Missing Positive";
			productReference = F679C94F25613EDB00463EB0 /* 41. First Missing Positive */;
			productType = "com.apple.product-type.tool";
		};
		F679C96E25620EE500463EB0 /* 42. Trapping Rain Water */ = {
			isa = PBXNativeTarget;
			buildConfigurationList = F679C97325620EE500463EB0 /* Build configuration list for PBXNativeTarget "42. Trapping Rain Water" */;
			buildPhases = (
				F679C96B25620EE500463EB0 /* Sources */,
				F679C96C25620EE500463EB0 /* Frameworks */,
				F679C96D25620EE500463EB0 /* CopyFiles */,
			);
			buildRules = (
			);
			dependencies = (
			);
			name = "42. Trapping Rain Water";
			productName = "42. Trapping Rain Water";
			productReference = F679C96F25620EE500463EB0 /* 42. Trapping Rain Water */;
			productType = "com.apple.product-type.tool";
		};
		F679C98F25621A4F00463EB0 /* 46. Permutations */ = {
			isa = PBXNativeTarget;
			buildConfigurationList = F679C99425621A4F00463EB0 /* Build configuration list for PBXNativeTarget "46. Permutations" */;
			buildPhases = (
				F679C98C25621A4F00463EB0 /* Sources */,
				F679C98D25621A4F00463EB0 /* Frameworks */,
				F679C98E25621A4F00463EB0 /* CopyFiles */,
			);
			buildRules = (
			);
			dependencies = (
			);
			name = "46. Permutations";
			productName = "46. Permutations";
			productReference = F679C99025621A4F00463EB0 /* 46. Permutations */;
			productType = "com.apple.product-type.tool";
		};
		F69311EC2497ABA900F132B6 /* LeetCode */ = {
			isa = PBXNativeTarget;
			buildConfigurationList = F69311F42497ABA900F132B6 /* Build configuration list for PBXNativeTarget "LeetCode" */;
			buildPhases = (
				F69311E92497ABA900F132B6 /* Sources */,
				F69311EA2497ABA900F132B6 /* Frameworks */,
				F69311EB2497ABA900F132B6 /* CopyFiles */,
			);
			buildRules = (
			);
			dependencies = (
			);
			name = LeetCode;
			productName = LeetCode;
			productReference = F69311ED2497ABA900F132B6 /* LeetCode */;
			productType = "com.apple.product-type.tool";
		};
		F698CCEC25669F2700270E98 /* 49. Group Anagrams */ = {
			isa = PBXNativeTarget;
			buildConfigurationList = F698CCF325669F2700270E98 /* Build configuration list for PBXNativeTarget "49. Group Anagrams" */;
			buildPhases = (
				F698CCE925669F2700270E98 /* Sources */,
				F698CCEA25669F2700270E98 /* Frameworks */,
				F698CCEB25669F2700270E98 /* CopyFiles */,
			);
			buildRules = (
			);
			dependencies = (
			);
			name = "49. Group Anagrams";
			productName = "49. Group Anagrams";
			productReference = F698CCED25669F2700270E98 /* 49. Group Anagrams */;
			productType = "com.apple.product-type.tool";
		};
		F698CD102566A63C00270E98 /* 55. Jump Game */ = {
			isa = PBXNativeTarget;
			buildConfigurationList = F698CD152566A63C00270E98 /* Build configuration list for PBXNativeTarget "55. Jump Game" */;
			buildPhases = (
				F698CD0D2566A63C00270E98 /* Sources */,
				F698CD0E2566A63C00270E98 /* Frameworks */,
				F698CD0F2566A63C00270E98 /* CopyFiles */,
			);
			buildRules = (
			);
			dependencies = (
			);
			name = "55. Jump Game";
			productName = "55. Jump Game";
			productReference = F698CD112566A63C00270E98 /* 55. Jump Game */;
			productType = "com.apple.product-type.tool";
		};
		F6A2B1482535CA2E00A1E4B0 /* 1. Two Sum */ = {
			isa = PBXNativeTarget;
			buildConfigurationList = F6A2B14F2535CA2E00A1E4B0 /* Build configuration list for PBXNativeTarget "1. Two Sum" */;
			buildPhases = (
				F6A2B1452535CA2E00A1E4B0 /* Sources */,
				F6A2B1462535CA2E00A1E4B0 /* Frameworks */,
				F6A2B1472535CA2E00A1E4B0 /* CopyFiles */,
			);
			buildRules = (
			);
			dependencies = (
			);
			name = "1. Two Sum";
			productName = "1. Two Sum";
			productReference = F6A2B1492535CA2E00A1E4B0 /* 1. Two Sum */;
			productType = "com.apple.product-type.tool";
		};
		F6A2B1552536F99A00A1E4B0 /* 2. Add Two Numbers */ = {
			isa = PBXNativeTarget;
			buildConfigurationList = F6A2B15A2536F99A00A1E4B0 /* Build configuration list for PBXNativeTarget "2. Add Two Numbers" */;
			buildPhases = (
				F6A2B1522536F99A00A1E4B0 /* Sources */,
				F6A2B1532536F99A00A1E4B0 /* Frameworks */,
				F6A2B1542536F99A00A1E4B0 /* CopyFiles */,
			);
			buildRules = (
			);
			dependencies = (
			);
			name = "2. Add Two Numbers";
			productName = "2. Add Two Numbers";
			productReference = F6A2B1562536F99A00A1E4B0 /* 2. Add Two Numbers */;
			productType = "com.apple.product-type.tool";
		};
		F6A2B16325372D8B00A1E4B0 /* 3. Longest Substring Without Repeating Characters */ = {
			isa = PBXNativeTarget;
			buildConfigurationList = F6A2B16825372D8B00A1E4B0 /* Build configuration list for PBXNativeTarget "3. Longest Substring Without Repeating Characters" */;
			buildPhases = (
				F6A2B16025372D8B00A1E4B0 /* Sources */,
				F6A2B16125372D8B00A1E4B0 /* Frameworks */,
				F6A2B16225372D8B00A1E4B0 /* CopyFiles */,
			);
			buildRules = (
			);
			dependencies = (
			);
			name = "3. Longest Substring Without Repeating Characters";
			productName = "3. Longest Substring Without Repeating Characters";
			productReference = F6A2B16425372D8B00A1E4B0 /* 3. Longest Substring Without Repeating Characters */;
			productType = "com.apple.product-type.tool";
		};
		F6A4C6192563FAFA00AD0F91 /* 48. Rotate Image */ = {
			isa = PBXNativeTarget;
			buildConfigurationList = F6A4C6202563FAFA00AD0F91 /* Build configuration list for PBXNativeTarget "48. Rotate Image" */;
			buildPhases = (
				F6A4C6162563FAFA00AD0F91 /* Sources */,
				F6A4C6172563FAFA00AD0F91 /* Frameworks */,
				F6A4C6182563FAFA00AD0F91 /* CopyFiles */,
			);
			buildRules = (
			);
			dependencies = (
			);
			name = "48. Rotate Image";
			productName = "48. Rotate Image";
			productReference = F6A4C61A2563FAFA00AD0F91 /* 48. Rotate Image */;
			productType = "com.apple.product-type.tool";
		};
		F6AF519325582B690030B7BE /* 11. Container With Most Water */ = {
			isa = PBXNativeTarget;
			buildConfigurationList = F6AF519A25582B690030B7BE /* Build configuration list for PBXNativeTarget "11. Container With Most Water" */;
			buildPhases = (
				F6AF519025582B690030B7BE /* Sources */,
				F6AF519125582B690030B7BE /* Frameworks */,
				F6AF519225582B690030B7BE /* CopyFiles */,
			);
			buildRules = (
			);
			dependencies = (
			);
			name = "11. Container With Most Water";
			productName = "11. Container With Most Water";
			productReference = F6AF519425582B690030B7BE /* 11. Container With Most Water */;
			productType = "com.apple.product-type.tool";
		};
		F6AF51A92559734B0030B7BE /* 15. 3Sum */ = {
			isa = PBXNativeTarget;
			buildConfigurationList = F6AF51B02559734B0030B7BE /* Build configuration list for PBXNativeTarget "15. 3Sum" */;
			buildPhases = (
				F6AF51A62559734B0030B7BE /* Sources */,
				F6AF51A72559734B0030B7BE /* Frameworks */,
				F6AF51A82559734B0030B7BE /* CopyFiles */,
			);
			buildRules = (
			);
			dependencies = (
			);
			name = "15. 3Sum";
			productName = "15. 3Sum";
			productReference = F6AF51AA2559734B0030B7BE /* 15. 3Sum */;
			productType = "com.apple.product-type.tool";
		};
		F6F42D12255CC8A10087525F /* 20. Valid Parentheses */ = {
			isa = PBXNativeTarget;
			buildConfigurationList = F6F42D19255CC8A10087525F /* Build configuration list for PBXNativeTarget "20. Valid Parentheses" */;
			buildPhases = (
				F6F42D0F255CC8A10087525F /* Sources */,
				F6F42D10255CC8A10087525F /* Frameworks */,
				F6F42D11255CC8A10087525F /* CopyFiles */,
			);
			buildRules = (
			);
			dependencies = (
			);
			name = "20. Valid Parentheses";
			productName = "20. Valid Parentheses";
			productReference = F6F42D13255CC8A10087525F /* 20. Valid Parentheses */;
			productType = "com.apple.product-type.tool";
		};
		F6F42D2C255CCE320087525F /* 21. Merge Two Sorted Lists */ = {
			isa = PBXNativeTarget;
			buildConfigurationList = F6F42D31255CCE320087525F /* Build configuration list for PBXNativeTarget "21. Merge Two Sorted Lists" */;
			buildPhases = (
				F6F42D29255CCE320087525F /* Sources */,
				F6F42D2A255CCE320087525F /* Frameworks */,
				F6F42D2B255CCE320087525F /* CopyFiles */,
			);
			buildRules = (
			);
			dependencies = (
			);
			name = "21. Merge Two Sorted Lists";
			productName = "21. Merge Two Sorted Lists";
			productReference = F6F42D2D255CCE320087525F /* 21. Merge Two Sorted Lists */;
			productType = "com.apple.product-type.tool";
		};
		F6F42D47255D478B0087525F /* 22. Generate Parentheses */ = {
			isa = PBXNativeTarget;
			buildConfigurationList = F6F42D4C255D478B0087525F /* Build configuration list for PBXNativeTarget "22. Generate Parentheses" */;
			buildPhases = (
				F6F42D44255D478B0087525F /* Sources */,
				F6F42D45255D478B0087525F /* Frameworks */,
				F6F42D46255D478B0087525F /* CopyFiles */,
			);
			buildRules = (
			);
			dependencies = (
			);
			name = "22. Generate Parentheses";
			productName = "22. Generate Parentheses";
			productReference = F6F42D48255D478B0087525F /* 22. Generate Parentheses */;
			productType = "com.apple.product-type.tool";
		};
		F6F42D63255D50830087525F /* 23. Merge k Sorted Lists */ = {
			isa = PBXNativeTarget;
			buildConfigurationList = F6F42D68255D50830087525F /* Build configuration list for PBXNativeTarget "23. Merge k Sorted Lists" */;
			buildPhases = (
				F6F42D60255D50830087525F /* Sources */,
				F6F42D61255D50830087525F /* Frameworks */,
				F6F42D62255D50830087525F /* CopyFiles */,
			);
			buildRules = (
			);
			dependencies = (
			);
			name = "23. Merge k Sorted Lists";
			productName = "23. Merge k Sorted Lists";
			productReference = F6F42D64255D50830087525F /* 23. Merge k Sorted Lists */;
			productType = "com.apple.product-type.tool";
		};
		F6F42D80255D78680087525F /* 32. Longest Valid Parentheses */ = {
			isa = PBXNativeTarget;
			buildConfigurationList = F6F42D87255D78680087525F /* Build configuration list for PBXNativeTarget "32. Longest Valid Parentheses" */;
			buildPhases = (
				F6F42D7D255D78680087525F /* Sources */,
				F6F42D7E255D78680087525F /* Frameworks */,
				F6F42D7F255D78680087525F /* CopyFiles */,
			);
			buildRules = (
			);
			dependencies = (
			);
			name = "32. Longest Valid Parentheses";
			productName = "32. Longest Valid Parentheses";
			productReference = F6F42D81255D78680087525F /* 32. Longest Valid Parentheses */;
			productType = "com.apple.product-type.tool";
		};
		F6F42D9E255E34080087525F /* 33. Search in Rotated Sorted Array */ = {
			isa = PBXNativeTarget;
			buildConfigurationList = F6F42DA3255E34080087525F /* Build configuration list for PBXNativeTarget "33. Search in Rotated Sorted Array" */;
			buildPhases = (
				F6F42D9B255E34080087525F /* Sources */,
				F6F42D9C255E34080087525F /* Frameworks */,
				F6F42D9D255E34080087525F /* CopyFiles */,
			);
			buildRules = (
			);
			dependencies = (
			);
			name = "33. Search in Rotated Sorted Array";
			productName = "33. Search in Rotated Sorted Array";
			productReference = F6F42D9F255E34080087525F /* 33. Search in Rotated Sorted Array */;
			productType = "com.apple.product-type.tool";
		};
/* End PBXNativeTarget section */

/* Begin PBXProject section */
		F69311E52497ABA900F132B6 /* Project object */ = {
			isa = PBXProject;
			attributes = {
				LastUpgradeCheck = 1150;
				ORGANIZATIONNAME = "强文杰";
				TargetAttributes = {
					F603620325389EFF006ECC71 = {
						CreatedOnToolsVersion = 12.0.1;
					};
					F60362132538A4A6006ECC71 = {
						CreatedOnToolsVersion = 12.0.1;
					};
					F618BFED256BF89500840DEC = {
						CreatedOnToolsVersion = 12.2;
					};
					F62CAB90257909F0005FA003 = {
						CreatedOnToolsVersion = 12.2;
					};
					F642BB2B25524C3800153D40 = {
						CreatedOnToolsVersion = 12.1;
					};
					F642BB3E2552C1A700153D40 = {
						CreatedOnToolsVersion = 12.1;
					};
					F642BB522553DA1B00153D40 = {
						CreatedOnToolsVersion = 12.1;
					};
					F64AC32D255AE1950031548D = {
						CreatedOnToolsVersion = 12.1;
					};
					F64AC345255B71940031548D = {
						CreatedOnToolsVersion = 12.1;
					};
					F678FE19254AEA0C00FD275E = {
						CreatedOnToolsVersion = 12.1;
					};
					F679C94E25613EDB00463EB0 = {
						CreatedOnToolsVersion = 12.2;
					};
					F679C96E25620EE500463EB0 = {
						CreatedOnToolsVersion = 12.2;
					};
					F679C98F25621A4F00463EB0 = {
						CreatedOnToolsVersion = 12.2;
					};
					F69311EC2497ABA900F132B6 = {
						CreatedOnToolsVersion = 11.5;
					};
					F698CCEC25669F2700270E98 = {
						CreatedOnToolsVersion = 12.2;
					};
					F698CD102566A63C00270E98 = {
						CreatedOnToolsVersion = 12.2;
					};
					F6A2B1482535CA2E00A1E4B0 = {
						CreatedOnToolsVersion = 12.0.1;
					};
					F6A2B1552536F99A00A1E4B0 = {
						CreatedOnToolsVersion = 12.0.1;
					};
					F6A2B16325372D8B00A1E4B0 = {
						CreatedOnToolsVersion = 12.0.1;
					};
					F6A4C6192563FAFA00AD0F91 = {
						CreatedOnToolsVersion = 12.2;
					};
					F6AF519325582B690030B7BE = {
						CreatedOnToolsVersion = 12.1;
					};
					F6AF51A92559734B0030B7BE = {
						CreatedOnToolsVersion = 12.1;
					};
					F6F42D12255CC8A10087525F = {
						CreatedOnToolsVersion = 12.1;
					};
					F6F42D2C255CCE320087525F = {
						CreatedOnToolsVersion = 12.1;
					};
					F6F42D47255D478B0087525F = {
						CreatedOnToolsVersion = 12.1;
					};
					F6F42D63255D50830087525F = {
						CreatedOnToolsVersion = 12.1;
					};
					F6F42D80255D78680087525F = {
						CreatedOnToolsVersion = 12.1;
					};
					F6F42D9E255E34080087525F = {
						CreatedOnToolsVersion = 12.1;
					};
				};
			};
			buildConfigurationList = F69311E82497ABA900F132B6 /* Build configuration list for PBXProject "LeetCode" */;
			compatibilityVersion = "Xcode 9.3";
			developmentRegion = en;
			hasScannedForEncodings = 0;
			knownRegions = (
				en,
				Base,
			);
			mainGroup = F69311E42497ABA900F132B6;
			productRefGroup = F69311EE2497ABA900F132B6 /* Products */;
			projectDirPath = "";
			projectRoot = "";
			targets = (
				F69311EC2497ABA900F132B6 /* LeetCode */,
				F6A2B1482535CA2E00A1E4B0 /* 1. Two Sum */,
				F6A2B1552536F99A00A1E4B0 /* 2. Add Two Numbers */,
				F6A2B16325372D8B00A1E4B0 /* 3. Longest Substring Without Repeating Characters */,
				F603620325389EFF006ECC71 /* 4. Median of Two Sorted Arrays */,
				F60362132538A4A6006ECC71 /* 5. Longest Palindromic Substring */,
				F678FE19254AEA0C00FD275E /* 6. ZigZag Conversion */,
				F642BB2B25524C3800153D40 /* 7. Reverse Integer */,
				F642BB3E2552C1A700153D40 /* 9. Palindrome Number */,
				F642BB522553DA1B00153D40 /* 10. Regular Expression Matching */,
				F6AF519325582B690030B7BE /* 11. Container With Most Water */,
				F6AF51A92559734B0030B7BE /* 15. 3Sum */,
				F64AC32D255AE1950031548D /* 17. Letter Combinations of a Phone Number */,
				F64AC345255B71940031548D /* 19. Remove Nth Node From End of List */,
				F6F42D12255CC8A10087525F /* 20. Valid Parentheses */,
				F6F42D2C255CCE320087525F /* 21. Merge Two Sorted Lists */,
				F6F42D47255D478B0087525F /* 22. Generate Parentheses */,
				F6F42D63255D50830087525F /* 23. Merge k Sorted Lists */,
				F6F42D80255D78680087525F /* 32. Longest Valid Parentheses */,
				F6F42D9E255E34080087525F /* 33. Search in Rotated Sorted Array */,
				F679C94E25613EDB00463EB0 /* 41. First Missing Positive */,
				F679C96E25620EE500463EB0 /* 42. Trapping Rain Water */,
				F679C98F25621A4F00463EB0 /* 46. Permutations */,
				F6A4C6192563FAFA00AD0F91 /* 48. Rotate Image */,
				F698CCEC25669F2700270E98 /* 49. Group Anagrams */,
				F698CD102566A63C00270E98 /* 55. Jump Game */,
				F618BFED256BF89500840DEC /* 56. Merge Intervals */,
				F62CAB90257909F0005FA003 /* 70. Climbing Stairs */,
			);
		};
/* End PBXProject section */

/* Begin PBXSourcesBuildPhase section */
		F603620025389EFF006ECC71 /* Sources */ = {
			isa = PBXSourcesBuildPhase;
			buildActionMask = 2147483647;
			files = (
				F603620725389F00006ECC71 /* main.cpp in Sources */,
			);
			runOnlyForDeploymentPostprocessing = 0;
		};
		F60362102538A4A6006ECC71 /* Sources */ = {
			isa = PBXSourcesBuildPhase;
			buildActionMask = 2147483647;
			files = (
				F60362172538A4A7006ECC71 /* main.cpp in Sources */,
			);
			runOnlyForDeploymentPostprocessing = 0;
		};
		F618BFEA256BF89500840DEC /* Sources */ = {
			isa = PBXSourcesBuildPhase;
			buildActionMask = 2147483647;
			files = (
				F618BFF1256BF89500840DEC /* main.cpp in Sources */,
			);
			runOnlyForDeploymentPostprocessing = 0;
		};
		F62CAB8D257909F0005FA003 /* Sources */ = {
			isa = PBXSourcesBuildPhase;
			buildActionMask = 2147483647;
			files = (
				F62CAB94257909F0005FA003 /* main.cpp in Sources */,
			);
			runOnlyForDeploymentPostprocessing = 0;
		};
		F642BB2825524C3800153D40 /* Sources */ = {
			isa = PBXSourcesBuildPhase;
			buildActionMask = 2147483647;
			files = (
				F642BB2F25524C3800153D40 /* main.cpp in Sources */,
			);
			runOnlyForDeploymentPostprocessing = 0;
		};
		F642BB3B2552C1A700153D40 /* Sources */ = {
			isa = PBXSourcesBuildPhase;
			buildActionMask = 2147483647;
			files = (
				F642BB422552C1A700153D40 /* main.cpp in Sources */,
			);
			runOnlyForDeploymentPostprocessing = 0;
		};
		F642BB4F2553DA1B00153D40 /* Sources */ = {
			isa = PBXSourcesBuildPhase;
			buildActionMask = 2147483647;
			files = (
				F642BB562553DA1B00153D40 /* main.cpp in Sources */,
			);
			runOnlyForDeploymentPostprocessing = 0;
		};
		F64AC32A255AE1950031548D /* Sources */ = {
			isa = PBXSourcesBuildPhase;
			buildActionMask = 2147483647;
			files = (
				F64AC331255AE1950031548D /* main.cpp in Sources */,
			);
			runOnlyForDeploymentPostprocessing = 0;
		};
		F64AC342255B71940031548D /* Sources */ = {
			isa = PBXSourcesBuildPhase;
			buildActionMask = 2147483647;
			files = (
				F64AC349255B71940031548D /* main.cpp in Sources */,
			);
			runOnlyForDeploymentPostprocessing = 0;
		};
		F678FE16254AEA0C00FD275E /* Sources */ = {
			isa = PBXSourcesBuildPhase;
			buildActionMask = 2147483647;
			files = (
				F678FE1D254AEA0C00FD275E /* main.cpp in Sources */,
			);
			runOnlyForDeploymentPostprocessing = 0;
		};
		F679C94B25613EDB00463EB0 /* Sources */ = {
			isa = PBXSourcesBuildPhase;
			buildActionMask = 2147483647;
			files = (
				F679C95225613EDB00463EB0 /* main.cpp in Sources */,
			);
			runOnlyForDeploymentPostprocessing = 0;
		};
		F679C96B25620EE500463EB0 /* Sources */ = {
			isa = PBXSourcesBuildPhase;
			buildActionMask = 2147483647;
			files = (
				F679C97225620EE500463EB0 /* main.cpp in Sources */,
			);
			runOnlyForDeploymentPostprocessing = 0;
		};
		F679C98C25621A4F00463EB0 /* Sources */ = {
			isa = PBXSourcesBuildPhase;
			buildActionMask = 2147483647;
			files = (
				F679C99325621A4F00463EB0 /* main.cpp in Sources */,
			);
			runOnlyForDeploymentPostprocessing = 0;
		};
		F69311E92497ABA900F132B6 /* Sources */ = {
			isa = PBXSourcesBuildPhase;
			buildActionMask = 2147483647;
			files = (
				F69311F12497ABA900F132B6 /* main.cpp in Sources */,
			);
			runOnlyForDeploymentPostprocessing = 0;
		};
		F698CCE925669F2700270E98 /* Sources */ = {
			isa = PBXSourcesBuildPhase;
			buildActionMask = 2147483647;
			files = (
				F698CCF025669F2700270E98 /* main.cpp in Sources */,
			);
			runOnlyForDeploymentPostprocessing = 0;
		};
		F698CD0D2566A63C00270E98 /* Sources */ = {
			isa = PBXSourcesBuildPhase;
			buildActionMask = 2147483647;
			files = (
				F698CD142566A63C00270E98 /* main.cpp in Sources */,
			);
			runOnlyForDeploymentPostprocessing = 0;
		};
		F6A2B1452535CA2E00A1E4B0 /* Sources */ = {
			isa = PBXSourcesBuildPhase;
			buildActionMask = 2147483647;
			files = (
				F6A2B14C2535CA2E00A1E4B0 /* main.cpp in Sources */,
			);
			runOnlyForDeploymentPostprocessing = 0;
		};
		F6A2B1522536F99A00A1E4B0 /* Sources */ = {
			isa = PBXSourcesBuildPhase;
			buildActionMask = 2147483647;
			files = (
				F6A2B1592536F99A00A1E4B0 /* main.cpp in Sources */,
			);
			runOnlyForDeploymentPostprocessing = 0;
		};
		F6A2B16025372D8B00A1E4B0 /* Sources */ = {
			isa = PBXSourcesBuildPhase;
			buildActionMask = 2147483647;
			files = (
				F6A2B16725372D8B00A1E4B0 /* main.cpp in Sources */,
			);
			runOnlyForDeploymentPostprocessing = 0;
		};
		F6A4C6162563FAFA00AD0F91 /* Sources */ = {
			isa = PBXSourcesBuildPhase;
			buildActionMask = 2147483647;
			files = (
				F6A4C61D2563FAFA00AD0F91 /* main.cpp in Sources */,
			);
			runOnlyForDeploymentPostprocessing = 0;
		};
		F6AF519025582B690030B7BE /* Sources */ = {
			isa = PBXSourcesBuildPhase;
			buildActionMask = 2147483647;
			files = (
				F6AF519725582B690030B7BE /* main.cpp in Sources */,
			);
			runOnlyForDeploymentPostprocessing = 0;
		};
		F6AF51A62559734B0030B7BE /* Sources */ = {
			isa = PBXSourcesBuildPhase;
			buildActionMask = 2147483647;
			files = (
				F6AF51AD2559734B0030B7BE /* main.cpp in Sources */,
			);
			runOnlyForDeploymentPostprocessing = 0;
		};
		F6F42D0F255CC8A10087525F /* Sources */ = {
			isa = PBXSourcesBuildPhase;
			buildActionMask = 2147483647;
			files = (
				F6F42D16255CC8A10087525F /* main.cpp in Sources */,
			);
			runOnlyForDeploymentPostprocessing = 0;
		};
		F6F42D29255CCE320087525F /* Sources */ = {
			isa = PBXSourcesBuildPhase;
			buildActionMask = 2147483647;
			files = (
				F6F42D30255CCE320087525F /* main.cpp in Sources */,
			);
			runOnlyForDeploymentPostprocessing = 0;
		};
		F6F42D44255D478B0087525F /* Sources */ = {
			isa = PBXSourcesBuildPhase;
			buildActionMask = 2147483647;
			files = (
				F6F42D4B255D478B0087525F /* main.cpp in Sources */,
			);
			runOnlyForDeploymentPostprocessing = 0;
		};
		F6F42D60255D50830087525F /* Sources */ = {
			isa = PBXSourcesBuildPhase;
			buildActionMask = 2147483647;
			files = (
				F6F42D67255D50830087525F /* main.cpp in Sources */,
			);
			runOnlyForDeploymentPostprocessing = 0;
		};
		F6F42D7D255D78680087525F /* Sources */ = {
			isa = PBXSourcesBuildPhase;
			buildActionMask = 2147483647;
			files = (
				F6F42D84255D78680087525F /* main.cpp in Sources */,
			);
			runOnlyForDeploymentPostprocessing = 0;
		};
		F6F42D9B255E34080087525F /* Sources */ = {
			isa = PBXSourcesBuildPhase;
			buildActionMask = 2147483647;
			files = (
				F6F42DA2255E34080087525F /* main.cpp in Sources */,
			);
			runOnlyForDeploymentPostprocessing = 0;
		};
/* End PBXSourcesBuildPhase section */

/* Begin XCBuildConfiguration section */
		F603620825389F00006ECC71 /* Debug */ = {
			isa = XCBuildConfiguration;
			buildSettings = {
				CLANG_WARN_QUOTED_INCLUDE_IN_FRAMEWORK_HEADER = YES;
				CODE_SIGN_STYLE = Automatic;
				PRODUCT_NAME = "$(TARGET_NAME)";
			};
			name = Debug;
		};
		F603620925389F00006ECC71 /* Release */ = {
			isa = XCBuildConfiguration;
			buildSettings = {
				CLANG_WARN_QUOTED_INCLUDE_IN_FRAMEWORK_HEADER = YES;
				CODE_SIGN_STYLE = Automatic;
				PRODUCT_NAME = "$(TARGET_NAME)";
			};
			name = Release;
		};
		F60362192538A4A7006ECC71 /* Debug */ = {
			isa = XCBuildConfiguration;
			buildSettings = {
				CLANG_WARN_QUOTED_INCLUDE_IN_FRAMEWORK_HEADER = YES;
				CODE_SIGN_STYLE = Automatic;
				PRODUCT_NAME = "$(TARGET_NAME)";
			};
			name = Debug;
		};
		F603621A2538A4A7006ECC71 /* Release */ = {
			isa = XCBuildConfiguration;
			buildSettings = {
				CLANG_WARN_QUOTED_INCLUDE_IN_FRAMEWORK_HEADER = YES;
				CODE_SIGN_STYLE = Automatic;
				PRODUCT_NAME = "$(TARGET_NAME)";
			};
			name = Release;
		};
		F618BFF2256BF89500840DEC /* Debug */ = {
			isa = XCBuildConfiguration;
			buildSettings = {
				CLANG_WARN_QUOTED_INCLUDE_IN_FRAMEWORK_HEADER = YES;
				CODE_SIGN_STYLE = Automatic;
				MACOSX_DEPLOYMENT_TARGET = 11.0;
				PRODUCT_NAME = "$(TARGET_NAME)";
			};
			name = Debug;
		};
		F618BFF3256BF89500840DEC /* Release */ = {
			isa = XCBuildConfiguration;
			buildSettings = {
				CLANG_WARN_QUOTED_INCLUDE_IN_FRAMEWORK_HEADER = YES;
				CODE_SIGN_STYLE = Automatic;
				MACOSX_DEPLOYMENT_TARGET = 11.0;
				PRODUCT_NAME = "$(TARGET_NAME)";
			};
			name = Release;
		};
		F62CAB95257909F0005FA003 /* Debug */ = {
			isa = XCBuildConfiguration;
			buildSettings = {
				CLANG_WARN_QUOTED_INCLUDE_IN_FRAMEWORK_HEADER = YES;
				CODE_SIGN_STYLE = Automatic;
				MACOSX_DEPLOYMENT_TARGET = 11.0;
				PRODUCT_NAME = "$(TARGET_NAME)";
			};
			name = Debug;
		};
		F62CAB96257909F0005FA003 /* Release */ = {
			isa = XCBuildConfiguration;
			buildSettings = {
				CLANG_WARN_QUOTED_INCLUDE_IN_FRAMEWORK_HEADER = YES;
				CODE_SIGN_STYLE = Automatic;
				MACOSX_DEPLOYMENT_TARGET = 11.0;
				PRODUCT_NAME = "$(TARGET_NAME)";
			};
			name = Release;
		};
		F642BB3025524C3800153D40 /* Debug */ = {
			isa = XCBuildConfiguration;
			buildSettings = {
				CLANG_WARN_QUOTED_INCLUDE_IN_FRAMEWORK_HEADER = YES;
				CODE_SIGN_STYLE = Automatic;
				PRODUCT_NAME = "$(TARGET_NAME)";
			};
			name = Debug;
		};
		F642BB3125524C3800153D40 /* Release */ = {
			isa = XCBuildConfiguration;
			buildSettings = {
				CLANG_WARN_QUOTED_INCLUDE_IN_FRAMEWORK_HEADER = YES;
				CODE_SIGN_STYLE = Automatic;
				PRODUCT_NAME = "$(TARGET_NAME)";
			};
			name = Release;
		};
		F642BB442552C1A700153D40 /* Debug */ = {
			isa = XCBuildConfiguration;
			buildSettings = {
				CLANG_WARN_QUOTED_INCLUDE_IN_FRAMEWORK_HEADER = YES;
				CODE_SIGN_STYLE = Automatic;
				PRODUCT_NAME = "$(TARGET_NAME)";
			};
			name = Debug;
		};
		F642BB452552C1A700153D40 /* Release */ = {
			isa = XCBuildConfiguration;
			buildSettings = {
				CLANG_WARN_QUOTED_INCLUDE_IN_FRAMEWORK_HEADER = YES;
				CODE_SIGN_STYLE = Automatic;
				PRODUCT_NAME = "$(TARGET_NAME)";
			};
			name = Release;
		};
		F642BB582553DA1B00153D40 /* Debug */ = {
			isa = XCBuildConfiguration;
			buildSettings = {
				CLANG_WARN_QUOTED_INCLUDE_IN_FRAMEWORK_HEADER = YES;
				CODE_SIGN_STYLE = Automatic;
				PRODUCT_NAME = "$(TARGET_NAME)";
			};
			name = Debug;
		};
		F642BB592553DA1B00153D40 /* Release */ = {
			isa = XCBuildConfiguration;
			buildSettings = {
				CLANG_WARN_QUOTED_INCLUDE_IN_FRAMEWORK_HEADER = YES;
				CODE_SIGN_STYLE = Automatic;
				PRODUCT_NAME = "$(TARGET_NAME)";
			};
			name = Release;
		};
		F64AC332255AE1950031548D /* Debug */ = {
			isa = XCBuildConfiguration;
			buildSettings = {
				CLANG_WARN_QUOTED_INCLUDE_IN_FRAMEWORK_HEADER = YES;
				CODE_SIGN_STYLE = Automatic;
				PRODUCT_NAME = "$(TARGET_NAME)";
			};
			name = Debug;
		};
		F64AC333255AE1950031548D /* Release */ = {
			isa = XCBuildConfiguration;
			buildSettings = {
				CLANG_WARN_QUOTED_INCLUDE_IN_FRAMEWORK_HEADER = YES;
				CODE_SIGN_STYLE = Automatic;
				PRODUCT_NAME = "$(TARGET_NAME)";
			};
			name = Release;
		};
		F64AC34B255B71940031548D /* Debug */ = {
			isa = XCBuildConfiguration;
			buildSettings = {
				CLANG_WARN_QUOTED_INCLUDE_IN_FRAMEWORK_HEADER = YES;
				CODE_SIGN_STYLE = Automatic;
				PRODUCT_NAME = "$(TARGET_NAME)";
			};
			name = Debug;
		};
		F64AC34C255B71940031548D /* Release */ = {
			isa = XCBuildConfiguration;
			buildSettings = {
				CLANG_WARN_QUOTED_INCLUDE_IN_FRAMEWORK_HEADER = YES;
				CODE_SIGN_STYLE = Automatic;
				PRODUCT_NAME = "$(TARGET_NAME)";
			};
			name = Release;
		};
		F678FE1E254AEA0C00FD275E /* Debug */ = {
			isa = XCBuildConfiguration;
			buildSettings = {
				CLANG_WARN_QUOTED_INCLUDE_IN_FRAMEWORK_HEADER = YES;
				CODE_SIGN_STYLE = Automatic;
				PRODUCT_NAME = "$(TARGET_NAME)";
			};
			name = Debug;
		};
		F678FE1F254AEA0C00FD275E /* Release */ = {
			isa = XCBuildConfiguration;
			buildSettings = {
				CLANG_WARN_QUOTED_INCLUDE_IN_FRAMEWORK_HEADER = YES;
				CODE_SIGN_STYLE = Automatic;
				PRODUCT_NAME = "$(TARGET_NAME)";
			};
			name = Release;
		};
		F679C95325613EDB00463EB0 /* Debug */ = {
			isa = XCBuildConfiguration;
			buildSettings = {
				CLANG_WARN_QUOTED_INCLUDE_IN_FRAMEWORK_HEADER = YES;
				CODE_SIGN_STYLE = Automatic;
				MACOSX_DEPLOYMENT_TARGET = 11.0;
				PRODUCT_NAME = "$(TARGET_NAME)";
			};
			name = Debug;
		};
		F679C95425613EDB00463EB0 /* Release */ = {
			isa = XCBuildConfiguration;
			buildSettings = {
				CLANG_WARN_QUOTED_INCLUDE_IN_FRAMEWORK_HEADER = YES;
				CODE_SIGN_STYLE = Automatic;
				MACOSX_DEPLOYMENT_TARGET = 11.0;
				PRODUCT_NAME = "$(TARGET_NAME)";
			};
			name = Release;
		};
		F679C97425620EE500463EB0 /* Debug */ = {
			isa = XCBuildConfiguration;
			buildSettings = {
				CLANG_WARN_QUOTED_INCLUDE_IN_FRAMEWORK_HEADER = YES;
				CODE_SIGN_STYLE = Automatic;
				MACOSX_DEPLOYMENT_TARGET = 11.0;
				PRODUCT_NAME = "$(TARGET_NAME)";
			};
			name = Debug;
		};
		F679C97525620EE500463EB0 /* Release */ = {
			isa = XCBuildConfiguration;
			buildSettings = {
				CLANG_WARN_QUOTED_INCLUDE_IN_FRAMEWORK_HEADER = YES;
				CODE_SIGN_STYLE = Automatic;
				MACOSX_DEPLOYMENT_TARGET = 11.0;
				PRODUCT_NAME = "$(TARGET_NAME)";
			};
			name = Release;
		};
		F679C99525621A4F00463EB0 /* Debug */ = {
			isa = XCBuildConfiguration;
			buildSettings = {
				CLANG_WARN_QUOTED_INCLUDE_IN_FRAMEWORK_HEADER = YES;
				CODE_SIGN_STYLE = Automatic;
				MACOSX_DEPLOYMENT_TARGET = 11.0;
				PRODUCT_NAME = "$(TARGET_NAME)";
			};
			name = Debug;
		};
		F679C99625621A4F00463EB0 /* Release */ = {
			isa = XCBuildConfiguration;
			buildSettings = {
				CLANG_WARN_QUOTED_INCLUDE_IN_FRAMEWORK_HEADER = YES;
				CODE_SIGN_STYLE = Automatic;
				MACOSX_DEPLOYMENT_TARGET = 11.0;
				PRODUCT_NAME = "$(TARGET_NAME)";
			};
			name = Release;
		};
		F69311F22497ABA900F132B6 /* Debug */ = {
			isa = XCBuildConfiguration;
			buildSettings = {
				ALWAYS_SEARCH_USER_PATHS = NO;
				CLANG_ANALYZER_NONNULL = YES;
				CLANG_ANALYZER_NUMBER_OBJECT_CONVERSION = YES_AGGRESSIVE;
				CLANG_CXX_LANGUAGE_STANDARD = "gnu++14";
				CLANG_CXX_LIBRARY = "libc++";
				CLANG_ENABLE_MODULES = YES;
				CLANG_ENABLE_OBJC_ARC = YES;
				CLANG_ENABLE_OBJC_WEAK = YES;
				CLANG_WARN_BLOCK_CAPTURE_AUTORELEASING = YES;
				CLANG_WARN_BOOL_CONVERSION = YES;
				CLANG_WARN_COMMA = YES;
				CLANG_WARN_CONSTANT_CONVERSION = YES;
				CLANG_WARN_DEPRECATED_OBJC_IMPLEMENTATIONS = YES;
				CLANG_WARN_DIRECT_OBJC_ISA_USAGE = YES_ERROR;
				CLANG_WARN_DOCUMENTATION_COMMENTS = YES;
				CLANG_WARN_EMPTY_BODY = YES;
				CLANG_WARN_ENUM_CONVERSION = YES;
				CLANG_WARN_INFINITE_RECURSION = YES;
				CLANG_WARN_INT_CONVERSION = YES;
				CLANG_WARN_NON_LITERAL_NULL_CONVERSION = YES;
				CLANG_WARN_OBJC_IMPLICIT_RETAIN_SELF = YES;
				CLANG_WARN_OBJC_LITERAL_CONVERSION = YES;
				CLANG_WARN_OBJC_ROOT_CLASS = YES_ERROR;
				CLANG_WARN_RANGE_LOOP_ANALYSIS = YES;
				CLANG_WARN_STRICT_PROTOTYPES = YES;
				CLANG_WARN_SUSPICIOUS_MOVE = YES;
				CLANG_WARN_UNGUARDED_AVAILABILITY = YES_AGGRESSIVE;
				CLANG_WARN_UNREACHABLE_CODE = YES;
				CLANG_WARN__DUPLICATE_METHOD_MATCH = YES;
				COPY_PHASE_STRIP = NO;
				DEBUG_INFORMATION_FORMAT = dwarf;
				ENABLE_STRICT_OBJC_MSGSEND = YES;
				ENABLE_TESTABILITY = YES;
				GCC_C_LANGUAGE_STANDARD = gnu11;
				GCC_DYNAMIC_NO_PIC = NO;
				GCC_NO_COMMON_BLOCKS = YES;
				GCC_OPTIMIZATION_LEVEL = 0;
				GCC_PREPROCESSOR_DEFINITIONS = (
					"DEBUG=1",
					"$(inherited)",
				);
				GCC_WARN_64_TO_32_BIT_CONVERSION = YES;
				GCC_WARN_ABOUT_RETURN_TYPE = YES_ERROR;
				GCC_WARN_UNDECLARED_SELECTOR = YES;
				GCC_WARN_UNINITIALIZED_AUTOS = YES_AGGRESSIVE;
				GCC_WARN_UNUSED_FUNCTION = YES;
				GCC_WARN_UNUSED_VARIABLE = YES;
				MACOSX_DEPLOYMENT_TARGET = 10.15;
				MTL_ENABLE_DEBUG_INFO = INCLUDE_SOURCE;
				MTL_FAST_MATH = YES;
				ONLY_ACTIVE_ARCH = YES;
				SDKROOT = macosx;
			};
			name = Debug;
		};
		F69311F32497ABA900F132B6 /* Release */ = {
			isa = XCBuildConfiguration;
			buildSettings = {
				ALWAYS_SEARCH_USER_PATHS = NO;
				CLANG_ANALYZER_NONNULL = YES;
				CLANG_ANALYZER_NUMBER_OBJECT_CONVERSION = YES_AGGRESSIVE;
				CLANG_CXX_LANGUAGE_STANDARD = "gnu++14";
				CLANG_CXX_LIBRARY = "libc++";
				CLANG_ENABLE_MODULES = YES;
				CLANG_ENABLE_OBJC_ARC = YES;
				CLANG_ENABLE_OBJC_WEAK = YES;
				CLANG_WARN_BLOCK_CAPTURE_AUTORELEASING = YES;
				CLANG_WARN_BOOL_CONVERSION = YES;
				CLANG_WARN_COMMA = YES;
				CLANG_WARN_CONSTANT_CONVERSION = YES;
				CLANG_WARN_DEPRECATED_OBJC_IMPLEMENTATIONS = YES;
				CLANG_WARN_DIRECT_OBJC_ISA_USAGE = YES_ERROR;
				CLANG_WARN_DOCUMENTATION_COMMENTS = YES;
				CLANG_WARN_EMPTY_BODY = YES;
				CLANG_WARN_ENUM_CONVERSION = YES;
				CLANG_WARN_INFINITE_RECURSION = YES;
				CLANG_WARN_INT_CONVERSION = YES;
				CLANG_WARN_NON_LITERAL_NULL_CONVERSION = YES;
				CLANG_WARN_OBJC_IMPLICIT_RETAIN_SELF = YES;
				CLANG_WARN_OBJC_LITERAL_CONVERSION = YES;
				CLANG_WARN_OBJC_ROOT_CLASS = YES_ERROR;
				CLANG_WARN_RANGE_LOOP_ANALYSIS = YES;
				CLANG_WARN_STRICT_PROTOTYPES = YES;
				CLANG_WARN_SUSPICIOUS_MOVE = YES;
				CLANG_WARN_UNGUARDED_AVAILABILITY = YES_AGGRESSIVE;
				CLANG_WARN_UNREACHABLE_CODE = YES;
				CLANG_WARN__DUPLICATE_METHOD_MATCH = YES;
				COPY_PHASE_STRIP = NO;
				DEBUG_INFORMATION_FORMAT = "dwarf-with-dsym";
				ENABLE_NS_ASSERTIONS = NO;
				ENABLE_STRICT_OBJC_MSGSEND = YES;
				GCC_C_LANGUAGE_STANDARD = gnu11;
				GCC_NO_COMMON_BLOCKS = YES;
				GCC_WARN_64_TO_32_BIT_CONVERSION = YES;
				GCC_WARN_ABOUT_RETURN_TYPE = YES_ERROR;
				GCC_WARN_UNDECLARED_SELECTOR = YES;
				GCC_WARN_UNINITIALIZED_AUTOS = YES_AGGRESSIVE;
				GCC_WARN_UNUSED_FUNCTION = YES;
				GCC_WARN_UNUSED_VARIABLE = YES;
				MACOSX_DEPLOYMENT_TARGET = 10.15;
				MTL_ENABLE_DEBUG_INFO = NO;
				MTL_FAST_MATH = YES;
				SDKROOT = macosx;
			};
			name = Release;
		};
		F69311F52497ABA900F132B6 /* Debug */ = {
			isa = XCBuildConfiguration;
			buildSettings = {
				CODE_SIGN_STYLE = Automatic;
				PRODUCT_NAME = "$(TARGET_NAME)";
			};
			name = Debug;
		};
		F69311F62497ABA900F132B6 /* Release */ = {
			isa = XCBuildConfiguration;
			buildSettings = {
				CODE_SIGN_STYLE = Automatic;
				PRODUCT_NAME = "$(TARGET_NAME)";
			};
			name = Release;
		};
		F698CCF125669F2700270E98 /* Debug */ = {
			isa = XCBuildConfiguration;
			buildSettings = {
				CLANG_WARN_QUOTED_INCLUDE_IN_FRAMEWORK_HEADER = YES;
				CODE_SIGN_STYLE = Automatic;
				MACOSX_DEPLOYMENT_TARGET = 11.0;
				PRODUCT_NAME = "$(TARGET_NAME)";
			};
			name = Debug;
		};
		F698CCF225669F2700270E98 /* Release */ = {
			isa = XCBuildConfiguration;
			buildSettings = {
				CLANG_WARN_QUOTED_INCLUDE_IN_FRAMEWORK_HEADER = YES;
				CODE_SIGN_STYLE = Automatic;
				MACOSX_DEPLOYMENT_TARGET = 11.0;
				PRODUCT_NAME = "$(TARGET_NAME)";
			};
			name = Release;
		};
		F698CD162566A63C00270E98 /* Debug */ = {
			isa = XCBuildConfiguration;
			buildSettings = {
				CLANG_WARN_QUOTED_INCLUDE_IN_FRAMEWORK_HEADER = YES;
				CODE_SIGN_STYLE = Automatic;
				MACOSX_DEPLOYMENT_TARGET = 11.0;
				PRODUCT_NAME = "$(TARGET_NAME)";
			};
			name = Debug;
		};
		F698CD172566A63C00270E98 /* Release */ = {
			isa = XCBuildConfiguration;
			buildSettings = {
				CLANG_WARN_QUOTED_INCLUDE_IN_FRAMEWORK_HEADER = YES;
				CODE_SIGN_STYLE = Automatic;
				MACOSX_DEPLOYMENT_TARGET = 11.0;
				PRODUCT_NAME = "$(TARGET_NAME)";
			};
			name = Release;
		};
		F6A2B14D2535CA2E00A1E4B0 /* Debug */ = {
			isa = XCBuildConfiguration;
			buildSettings = {
				CLANG_WARN_QUOTED_INCLUDE_IN_FRAMEWORK_HEADER = YES;
				CODE_SIGN_STYLE = Automatic;
				PRODUCT_NAME = "$(TARGET_NAME)";
			};
			name = Debug;
		};
		F6A2B14E2535CA2E00A1E4B0 /* Release */ = {
			isa = XCBuildConfiguration;
			buildSettings = {
				CLANG_WARN_QUOTED_INCLUDE_IN_FRAMEWORK_HEADER = YES;
				CODE_SIGN_STYLE = Automatic;
				PRODUCT_NAME = "$(TARGET_NAME)";
			};
			name = Release;
		};
		F6A2B15B2536F99A00A1E4B0 /* Debug */ = {
			isa = XCBuildConfiguration;
			buildSettings = {
				CLANG_WARN_QUOTED_INCLUDE_IN_FRAMEWORK_HEADER = YES;
				CODE_SIGN_STYLE = Automatic;
				PRODUCT_NAME = "$(TARGET_NAME)";
			};
			name = Debug;
		};
		F6A2B15C2536F99A00A1E4B0 /* Release */ = {
			isa = XCBuildConfiguration;
			buildSettings = {
				CLANG_WARN_QUOTED_INCLUDE_IN_FRAMEWORK_HEADER = YES;
				CODE_SIGN_STYLE = Automatic;
				PRODUCT_NAME = "$(TARGET_NAME)";
			};
			name = Release;
		};
		F6A2B16925372D8B00A1E4B0 /* Debug */ = {
			isa = XCBuildConfiguration;
			buildSettings = {
				CLANG_WARN_QUOTED_INCLUDE_IN_FRAMEWORK_HEADER = YES;
				CODE_SIGN_STYLE = Automatic;
				PRODUCT_NAME = "$(TARGET_NAME)";
			};
			name = Debug;
		};
		F6A2B16A25372D8B00A1E4B0 /* Release */ = {
			isa = XCBuildConfiguration;
			buildSettings = {
				CLANG_WARN_QUOTED_INCLUDE_IN_FRAMEWORK_HEADER = YES;
				CODE_SIGN_STYLE = Automatic;
				PRODUCT_NAME = "$(TARGET_NAME)";
			};
			name = Release;
		};
		F6A4C61E2563FAFA00AD0F91 /* Debug */ = {
			isa = XCBuildConfiguration;
			buildSettings = {
				CLANG_WARN_QUOTED_INCLUDE_IN_FRAMEWORK_HEADER = YES;
				CODE_SIGN_STYLE = Automatic;
				MACOSX_DEPLOYMENT_TARGET = 11.0;
				PRODUCT_NAME = "$(TARGET_NAME)";
			};
			name = Debug;
		};
		F6A4C61F2563FAFA00AD0F91 /* Release */ = {
			isa = XCBuildConfiguration;
			buildSettings = {
				CLANG_WARN_QUOTED_INCLUDE_IN_FRAMEWORK_HEADER = YES;
				CODE_SIGN_STYLE = Automatic;
				MACOSX_DEPLOYMENT_TARGET = 11.0;
				PRODUCT_NAME = "$(TARGET_NAME)";
			};
			name = Release;
		};
		F6AF519825582B690030B7BE /* Debug */ = {
			isa = XCBuildConfiguration;
			buildSettings = {
				CLANG_WARN_QUOTED_INCLUDE_IN_FRAMEWORK_HEADER = YES;
				CODE_SIGN_STYLE = Automatic;
				PRODUCT_NAME = "$(TARGET_NAME)";
			};
			name = Debug;
		};
		F6AF519925582B690030B7BE /* Release */ = {
			isa = XCBuildConfiguration;
			buildSettings = {
				CLANG_WARN_QUOTED_INCLUDE_IN_FRAMEWORK_HEADER = YES;
				CODE_SIGN_STYLE = Automatic;
				PRODUCT_NAME = "$(TARGET_NAME)";
			};
			name = Release;
		};
		F6AF51AE2559734B0030B7BE /* Debug */ = {
			isa = XCBuildConfiguration;
			buildSettings = {
				CLANG_WARN_QUOTED_INCLUDE_IN_FRAMEWORK_HEADER = YES;
				CODE_SIGN_STYLE = Automatic;
				PRODUCT_NAME = "$(TARGET_NAME)";
			};
			name = Debug;
		};
		F6AF51AF2559734B0030B7BE /* Release */ = {
			isa = XCBuildConfiguration;
			buildSettings = {
				CLANG_WARN_QUOTED_INCLUDE_IN_FRAMEWORK_HEADER = YES;
				CODE_SIGN_STYLE = Automatic;
				PRODUCT_NAME = "$(TARGET_NAME)";
			};
			name = Release;
		};
		F6F42D17255CC8A10087525F /* Debug */ = {
			isa = XCBuildConfiguration;
			buildSettings = {
				CLANG_WARN_QUOTED_INCLUDE_IN_FRAMEWORK_HEADER = YES;
				CODE_SIGN_STYLE = Automatic;
				PRODUCT_NAME = "$(TARGET_NAME)";
			};
			name = Debug;
		};
		F6F42D18255CC8A10087525F /* Release */ = {
			isa = XCBuildConfiguration;
			buildSettings = {
				CLANG_WARN_QUOTED_INCLUDE_IN_FRAMEWORK_HEADER = YES;
				CODE_SIGN_STYLE = Automatic;
				PRODUCT_NAME = "$(TARGET_NAME)";
			};
			name = Release;
		};
		F6F42D32255CCE320087525F /* Debug */ = {
			isa = XCBuildConfiguration;
			buildSettings = {
				CLANG_WARN_QUOTED_INCLUDE_IN_FRAMEWORK_HEADER = YES;
				CODE_SIGN_STYLE = Automatic;
				PRODUCT_NAME = "$(TARGET_NAME)";
			};
			name = Debug;
		};
		F6F42D33255CCE320087525F /* Release */ = {
			isa = XCBuildConfiguration;
			buildSettings = {
				CLANG_WARN_QUOTED_INCLUDE_IN_FRAMEWORK_HEADER = YES;
				CODE_SIGN_STYLE = Automatic;
				PRODUCT_NAME = "$(TARGET_NAME)";
			};
			name = Release;
		};
		F6F42D4D255D478B0087525F /* Debug */ = {
			isa = XCBuildConfiguration;
			buildSettings = {
				CLANG_WARN_QUOTED_INCLUDE_IN_FRAMEWORK_HEADER = YES;
				CODE_SIGN_STYLE = Automatic;
				PRODUCT_NAME = "$(TARGET_NAME)";
			};
			name = Debug;
		};
		F6F42D4E255D478B0087525F /* Release */ = {
			isa = XCBuildConfiguration;
			buildSettings = {
				CLANG_WARN_QUOTED_INCLUDE_IN_FRAMEWORK_HEADER = YES;
				CODE_SIGN_STYLE = Automatic;
				PRODUCT_NAME = "$(TARGET_NAME)";
			};
			name = Release;
		};
		F6F42D69255D50830087525F /* Debug */ = {
			isa = XCBuildConfiguration;
			buildSettings = {
				CLANG_WARN_QUOTED_INCLUDE_IN_FRAMEWORK_HEADER = YES;
				CODE_SIGN_STYLE = Automatic;
				PRODUCT_NAME = "$(TARGET_NAME)";
			};
			name = Debug;
		};
		F6F42D6A255D50830087525F /* Release */ = {
			isa = XCBuildConfiguration;
			buildSettings = {
				CLANG_WARN_QUOTED_INCLUDE_IN_FRAMEWORK_HEADER = YES;
				CODE_SIGN_STYLE = Automatic;
				PRODUCT_NAME = "$(TARGET_NAME)";
			};
			name = Release;
		};
		F6F42D85255D78680087525F /* Debug */ = {
			isa = XCBuildConfiguration;
			buildSettings = {
				CLANG_WARN_QUOTED_INCLUDE_IN_FRAMEWORK_HEADER = YES;
				CODE_SIGN_STYLE = Automatic;
				PRODUCT_NAME = "$(TARGET_NAME)";
			};
			name = Debug;
		};
		F6F42D86255D78680087525F /* Release */ = {
			isa = XCBuildConfiguration;
			buildSettings = {
				CLANG_WARN_QUOTED_INCLUDE_IN_FRAMEWORK_HEADER = YES;
				CODE_SIGN_STYLE = Automatic;
				PRODUCT_NAME = "$(TARGET_NAME)";
			};
			name = Release;
		};
		F6F42DA4255E34080087525F /* Debug */ = {
			isa = XCBuildConfiguration;
			buildSettings = {
				CLANG_WARN_QUOTED_INCLUDE_IN_FRAMEWORK_HEADER = YES;
				CODE_SIGN_STYLE = Automatic;
				PRODUCT_NAME = "$(TARGET_NAME)";
			};
			name = Debug;
		};
		F6F42DA5255E34080087525F /* Release */ = {
			isa = XCBuildConfiguration;
			buildSettings = {
				CLANG_WARN_QUOTED_INCLUDE_IN_FRAMEWORK_HEADER = YES;
				CODE_SIGN_STYLE = Automatic;
				PRODUCT_NAME = "$(TARGET_NAME)";
			};
			name = Release;
		};
/* End XCBuildConfiguration section */

/* Begin XCConfigurationList section */
		F603620A25389F00006ECC71 /* Build configuration list for PBXNativeTarget "4. Median of Two Sorted Arrays" */ = {
			isa = XCConfigurationList;
			buildConfigurations = (
				F603620825389F00006ECC71 /* Debug */,
				F603620925389F00006ECC71 /* Release */,
			);
			defaultConfigurationIsVisible = 0;
			defaultConfigurationName = Release;
		};
		F60362182538A4A7006ECC71 /* Build configuration list for PBXNativeTarget "5. Longest Palindromic Substring" */ = {
			isa = XCConfigurationList;
			buildConfigurations = (
				F60362192538A4A7006ECC71 /* Debug */,
				F603621A2538A4A7006ECC71 /* Release */,
			);
			defaultConfigurationIsVisible = 0;
			defaultConfigurationName = Release;
		};
		F618BFF4256BF89500840DEC /* Build configuration list for PBXNativeTarget "56. Merge Intervals" */ = {
			isa = XCConfigurationList;
			buildConfigurations = (
				F618BFF2256BF89500840DEC /* Debug */,
				F618BFF3256BF89500840DEC /* Release */,
			);
			defaultConfigurationIsVisible = 0;
			defaultConfigurationName = Release;
		};
		F62CAB97257909F0005FA003 /* Build configuration list for PBXNativeTarget "70. Climbing Stairs" */ = {
			isa = XCConfigurationList;
			buildConfigurations = (
				F62CAB95257909F0005FA003 /* Debug */,
				F62CAB96257909F0005FA003 /* Release */,
			);
			defaultConfigurationIsVisible = 0;
			defaultConfigurationName = Release;
		};
		F642BB3225524C3800153D40 /* Build configuration list for PBXNativeTarget "7. Reverse Integer" */ = {
			isa = XCConfigurationList;
			buildConfigurations = (
				F642BB3025524C3800153D40 /* Debug */,
				F642BB3125524C3800153D40 /* Release */,
			);
			defaultConfigurationIsVisible = 0;
			defaultConfigurationName = Release;
		};
		F642BB432552C1A700153D40 /* Build configuration list for PBXNativeTarget "9. Palindrome Number" */ = {
			isa = XCConfigurationList;
			buildConfigurations = (
				F642BB442552C1A700153D40 /* Debug */,
				F642BB452552C1A700153D40 /* Release */,
			);
			defaultConfigurationIsVisible = 0;
			defaultConfigurationName = Release;
		};
		F642BB572553DA1B00153D40 /* Build configuration list for PBXNativeTarget "10. Regular Expression Matching" */ = {
			isa = XCConfigurationList;
			buildConfigurations = (
				F642BB582553DA1B00153D40 /* Debug */,
				F642BB592553DA1B00153D40 /* Release */,
			);
			defaultConfigurationIsVisible = 0;
			defaultConfigurationName = Release;
		};
		F64AC334255AE1950031548D /* Build configuration list for PBXNativeTarget "17. Letter Combinations of a Phone Number" */ = {
			isa = XCConfigurationList;
			buildConfigurations = (
				F64AC332255AE1950031548D /* Debug */,
				F64AC333255AE1950031548D /* Release */,
			);
			defaultConfigurationIsVisible = 0;
			defaultConfigurationName = Release;
		};
		F64AC34A255B71940031548D /* Build configuration list for PBXNativeTarget "19. Remove Nth Node From End of List" */ = {
			isa = XCConfigurationList;
			buildConfigurations = (
				F64AC34B255B71940031548D /* Debug */,
				F64AC34C255B71940031548D /* Release */,
			);
			defaultConfigurationIsVisible = 0;
			defaultConfigurationName = Release;
		};
		F678FE20254AEA0C00FD275E /* Build configuration list for PBXNativeTarget "6. ZigZag Conversion" */ = {
			isa = XCConfigurationList;
			buildConfigurations = (
				F678FE1E254AEA0C00FD275E /* Debug */,
				F678FE1F254AEA0C00FD275E /* Release */,
			);
			defaultConfigurationIsVisible = 0;
			defaultConfigurationName = Release;
		};
		F679C95525613EDB00463EB0 /* Build configuration list for PBXNativeTarget "41. First Missing Positive" */ = {
			isa = XCConfigurationList;
			buildConfigurations = (
				F679C95325613EDB00463EB0 /* Debug */,
				F679C95425613EDB00463EB0 /* Release */,
			);
			defaultConfigurationIsVisible = 0;
			defaultConfigurationName = Release;
		};
		F679C97325620EE500463EB0 /* Build configuration list for PBXNativeTarget "42. Trapping Rain Water" */ = {
			isa = XCConfigurationList;
			buildConfigurations = (
				F679C97425620EE500463EB0 /* Debug */,
				F679C97525620EE500463EB0 /* Release */,
			);
			defaultConfigurationIsVisible = 0;
			defaultConfigurationName = Release;
		};
		F679C99425621A4F00463EB0 /* Build configuration list for PBXNativeTarget "46. Permutations" */ = {
			isa = XCConfigurationList;
			buildConfigurations = (
				F679C99525621A4F00463EB0 /* Debug */,
				F679C99625621A4F00463EB0 /* Release */,
			);
			defaultConfigurationIsVisible = 0;
			defaultConfigurationName = Release;
		};
		F69311E82497ABA900F132B6 /* Build configuration list for PBXProject "LeetCode" */ = {
			isa = XCConfigurationList;
			buildConfigurations = (
				F69311F22497ABA900F132B6 /* Debug */,
				F69311F32497ABA900F132B6 /* Release */,
			);
			defaultConfigurationIsVisible = 0;
			defaultConfigurationName = Release;
		};
		F69311F42497ABA900F132B6 /* Build configuration list for PBXNativeTarget "LeetCode" */ = {
			isa = XCConfigurationList;
			buildConfigurations = (
				F69311F52497ABA900F132B6 /* Debug */,
				F69311F62497ABA900F132B6 /* Release */,
			);
			defaultConfigurationIsVisible = 0;
			defaultConfigurationName = Release;
		};
		F698CCF325669F2700270E98 /* Build configuration list for PBXNativeTarget "49. Group Anagrams" */ = {
			isa = XCConfigurationList;
			buildConfigurations = (
				F698CCF125669F2700270E98 /* Debug */,
				F698CCF225669F2700270E98 /* Release */,
			);
			defaultConfigurationIsVisible = 0;
			defaultConfigurationName = Release;
		};
		F698CD152566A63C00270E98 /* Build configuration list for PBXNativeTarget "55. Jump Game" */ = {
			isa = XCConfigurationList;
			buildConfigurations = (
				F698CD162566A63C00270E98 /* Debug */,
				F698CD172566A63C00270E98 /* Release */,
			);
			defaultConfigurationIsVisible = 0;
			defaultConfigurationName = Release;
		};
		F6A2B14F2535CA2E00A1E4B0 /* Build configuration list for PBXNativeTarget "1. Two Sum" */ = {
			isa = XCConfigurationList;
			buildConfigurations = (
				F6A2B14D2535CA2E00A1E4B0 /* Debug */,
				F6A2B14E2535CA2E00A1E4B0 /* Release */,
			);
			defaultConfigurationIsVisible = 0;
			defaultConfigurationName = Release;
		};
		F6A2B15A2536F99A00A1E4B0 /* Build configuration list for PBXNativeTarget "2. Add Two Numbers" */ = {
			isa = XCConfigurationList;
			buildConfigurations = (
				F6A2B15B2536F99A00A1E4B0 /* Debug */,
				F6A2B15C2536F99A00A1E4B0 /* Release */,
			);
			defaultConfigurationIsVisible = 0;
			defaultConfigurationName = Release;
		};
		F6A2B16825372D8B00A1E4B0 /* Build configuration list for PBXNativeTarget "3. Longest Substring Without Repeating Characters" */ = {
			isa = XCConfigurationList;
			buildConfigurations = (
				F6A2B16925372D8B00A1E4B0 /* Debug */,
				F6A2B16A25372D8B00A1E4B0 /* Release */,
			);
			defaultConfigurationIsVisible = 0;
			defaultConfigurationName = Release;
		};
		F6A4C6202563FAFA00AD0F91 /* Build configuration list for PBXNativeTarget "48. Rotate Image" */ = {
			isa = XCConfigurationList;
			buildConfigurations = (
				F6A4C61E2563FAFA00AD0F91 /* Debug */,
				F6A4C61F2563FAFA00AD0F91 /* Release */,
			);
			defaultConfigurationIsVisible = 0;
			defaultConfigurationName = Release;
		};
		F6AF519A25582B690030B7BE /* Build configuration list for PBXNativeTarget "11. Container With Most Water" */ = {
			isa = XCConfigurationList;
			buildConfigurations = (
				F6AF519825582B690030B7BE /* Debug */,
				F6AF519925582B690030B7BE /* Release */,
			);
			defaultConfigurationIsVisible = 0;
			defaultConfigurationName = Release;
		};
		F6AF51B02559734B0030B7BE /* Build configuration list for PBXNativeTarget "15. 3Sum" */ = {
			isa = XCConfigurationList;
			buildConfigurations = (
				F6AF51AE2559734B0030B7BE /* Debug */,
				F6AF51AF2559734B0030B7BE /* Release */,
			);
			defaultConfigurationIsVisible = 0;
			defaultConfigurationName = Release;
		};
		F6F42D19255CC8A10087525F /* Build configuration list for PBXNativeTarget "20. Valid Parentheses" */ = {
			isa = XCConfigurationList;
			buildConfigurations = (
				F6F42D17255CC8A10087525F /* Debug */,
				F6F42D18255CC8A10087525F /* Release */,
			);
			defaultConfigurationIsVisible = 0;
			defaultConfigurationName = Release;
		};
		F6F42D31255CCE320087525F /* Build configuration list for PBXNativeTarget "21. Merge Two Sorted Lists" */ = {
			isa = XCConfigurationList;
			buildConfigurations = (
				F6F42D32255CCE320087525F /* Debug */,
				F6F42D33255CCE320087525F /* Release */,
			);
			defaultConfigurationIsVisible = 0;
			defaultConfigurationName = Release;
		};
		F6F42D4C255D478B0087525F /* Build configuration list for PBXNativeTarget "22. Generate Parentheses" */ = {
			isa = XCConfigurationList;
			buildConfigurations = (
				F6F42D4D255D478B0087525F /* Debug */,
				F6F42D4E255D478B0087525F /* Release */,
			);
			defaultConfigurationIsVisible = 0;
			defaultConfigurationName = Release;
		};
		F6F42D68255D50830087525F /* Build configuration list for PBXNativeTarget "23. Merge k Sorted Lists" */ = {
			isa = XCConfigurationList;
			buildConfigurations = (
				F6F42D69255D50830087525F /* Debug */,
				F6F42D6A255D50830087525F /* Release */,
			);
			defaultConfigurationIsVisible = 0;
			defaultConfigurationName = Release;
		};
		F6F42D87255D78680087525F /* Build configuration list for PBXNativeTarget "32. Longest Valid Parentheses" */ = {
			isa = XCConfigurationList;
			buildConfigurations = (
				F6F42D85255D78680087525F /* Debug */,
				F6F42D86255D78680087525F /* Release */,
			);
			defaultConfigurationIsVisible = 0;
			defaultConfigurationName = Release;
		};
		F6F42DA3255E34080087525F /* Build configuration list for PBXNativeTarget "33. Search in Rotated Sorted Array" */ = {
			isa = XCConfigurationList;
			buildConfigurations = (
				F6F42DA4255E34080087525F /* Debug */,
				F6F42DA5255E34080087525F /* Release */,
			);
			defaultConfigurationIsVisible = 0;
			defaultConfigurationName = Release;
		};
/* End XCConfigurationList section */
	};
	rootObject = F69311E52497ABA900F132B6 /* Project object */;
}
